// !$*UTF8*$!
{
	archiveVersion = 1;
	classes = {
	};
	objectVersion = 46;
	objects = {

/* Begin PBXBuildFile section */
		78C23C471ED3450A000CD40E /* main.m in Sources */ = {isa = PBXBuildFile; fileRef = 78C23C461ED3450A000CD40E /* main.m */; };
		78C23C4A1ED3450A000CD40E /* AppDelegate.m in Sources */ = {isa = PBXBuildFile; fileRef = 78C23C491ED3450A000CD40E /* AppDelegate.m */; };
		78C23C521ED3450A000CD40E /* Assets.xcassets in Resources */ = {isa = PBXBuildFile; fileRef = 78C23C511ED3450A000CD40E /* Assets.xcassets */; };
		78C23C551ED3450A000CD40E /* LaunchScreen.storyboard in Resources */ = {isa = PBXBuildFile; fileRef = 78C23C531ED3450A000CD40E /* LaunchScreen.storyboard */; };
		78C23C601ED3450A000CD40E /* __Tests.m in Sources */ = {isa = PBXBuildFile; fileRef = 78C23C5F1ED3450A000CD40E /* __Tests.m */; };
		78C23C6B1ED3450A000CD40E /* __UITests.m in Sources */ = {isa = PBXBuildFile; fileRef = 78C23C6A1ED3450A000CD40E /* __UITests.m */; };
		78C23D081ED34B51000CD40E /* MainVC.m in Sources */ = {isa = PBXBuildFile; fileRef = 78C23CE81ED34B51000CD40E /* MainVC.m */; };
		78C23D0B1ED34B6D000CD40E /* LookForVC.m in Sources */ = {isa = PBXBuildFile; fileRef = 78C23D0A1ED34B6D000CD40E /* LookForVC.m */; };
		78C23D0E1ED34B7B000CD40E /* FindVC.m in Sources */ = {isa = PBXBuildFile; fileRef = 78C23D0D1ED34B7B000CD40E /* FindVC.m */; };
		78C23D141ED34BA3000CD40E /* MessageVC.m in Sources */ = {isa = PBXBuildFile; fileRef = 78C23D131ED34BA3000CD40E /* MessageVC.m */; };
		78C23D171ED34BAE000CD40E /* MyVC.m in Sources */ = {isa = PBXBuildFile; fileRef = 78C23D161ED34BAE000CD40E /* MyVC.m */; };
		78C23D1A1ED34BED000CD40E /* IssueVC.m in Sources */ = {isa = PBXBuildFile; fileRef = 78C23D191ED34BED000CD40E /* IssueVC.m */; };
		78C23D1D1ED34CA8000CD40E /* DHTool.m in Sources */ = {isa = PBXBuildFile; fileRef = 78C23D1C1ED34CA8000CD40E /* DHTool.m */; };
		78C23D691ED34D62000CD40E /* AFHTTPSessionManager.m in Sources */ = {isa = PBXBuildFile; fileRef = 78C23D251ED34D62000CD40E /* AFHTTPSessionManager.m */; };
		78C23D6A1ED34D62000CD40E /* AFNetworkReachabilityManager.m in Sources */ = {isa = PBXBuildFile; fileRef = 78C23D281ED34D62000CD40E /* AFNetworkReachabilityManager.m */; };
		78C23D6B1ED34D62000CD40E /* AFSecurityPolicy.m in Sources */ = {isa = PBXBuildFile; fileRef = 78C23D2A1ED34D62000CD40E /* AFSecurityPolicy.m */; };
		78C23D6C1ED34D62000CD40E /* AFURLRequestSerialization.m in Sources */ = {isa = PBXBuildFile; fileRef = 78C23D2C1ED34D62000CD40E /* AFURLRequestSerialization.m */; };
		78C23D6D1ED34D62000CD40E /* AFURLResponseSerialization.m in Sources */ = {isa = PBXBuildFile; fileRef = 78C23D2E1ED34D62000CD40E /* AFURLResponseSerialization.m */; };
		78C23D6E1ED34D62000CD40E /* AFURLSessionManager.m in Sources */ = {isa = PBXBuildFile; fileRef = 78C23D301ED34D62000CD40E /* AFURLSessionManager.m */; };
		78C23D6F1ED34D62000CD40E /* TAAbstractDotView.m in Sources */ = {isa = PBXBuildFile; fileRef = 78C23D361ED34D62000CD40E /* TAAbstractDotView.m */; };
		78C23D701ED34D62000CD40E /* TAAnimatedDotView.m in Sources */ = {isa = PBXBuildFile; fileRef = 78C23D381ED34D62000CD40E /* TAAnimatedDotView.m */; };
		78C23D711ED34D62000CD40E /* TADotView.m in Sources */ = {isa = PBXBuildFile; fileRef = 78C23D3A1ED34D62000CD40E /* TADotView.m */; };
		78C23D721ED34D62000CD40E /* TAPageControl.m in Sources */ = {isa = PBXBuildFile; fileRef = 78C23D3C1ED34D62000CD40E /* TAPageControl.m */; };
		78C23D731ED34D62000CD40E /* SDCollectionViewCell.m in Sources */ = {isa = PBXBuildFile; fileRef = 78C23D3E1ED34D62000CD40E /* SDCollectionViewCell.m */; };
		78C23D741ED34D62000CD40E /* SDCycleScrollView.m in Sources */ = {isa = PBXBuildFile; fileRef = 78C23D401ED34D62000CD40E /* SDCycleScrollView.m */; };
		78C23D751ED34D62000CD40E /* UIView+SDExtension.m in Sources */ = {isa = PBXBuildFile; fileRef = 78C23D421ED34D62000CD40E /* UIView+SDExtension.m */; };
		78C23D761ED34D62000CD40E /* MKAnnotationView+WebCache.m in Sources */ = {isa = PBXBuildFile; fileRef = 78C23D451ED34D62000CD40E /* MKAnnotationView+WebCache.m */; };
		78C23D771ED34D62000CD40E /* NSData+ImageContentType.m in Sources */ = {isa = PBXBuildFile; fileRef = 78C23D471ED34D62000CD40E /* NSData+ImageContentType.m */; };
		78C23D781ED34D62000CD40E /* SDImageCache.m in Sources */ = {isa = PBXBuildFile; fileRef = 78C23D491ED34D62000CD40E /* SDImageCache.m */; };
		78C23D791ED34D62000CD40E /* SDWebImageCompat.m in Sources */ = {isa = PBXBuildFile; fileRef = 78C23D4B1ED34D62000CD40E /* SDWebImageCompat.m */; };
		78C23D7A1ED34D62000CD40E /* SDWebImageDecoder.m in Sources */ = {isa = PBXBuildFile; fileRef = 78C23D4D1ED34D62000CD40E /* SDWebImageDecoder.m */; };
		78C23D7B1ED34D62000CD40E /* SDWebImageDownloader.m in Sources */ = {isa = PBXBuildFile; fileRef = 78C23D4F1ED34D62000CD40E /* SDWebImageDownloader.m */; };
		78C23D7C1ED34D62000CD40E /* SDWebImageDownloaderOperation.m in Sources */ = {isa = PBXBuildFile; fileRef = 78C23D511ED34D62000CD40E /* SDWebImageDownloaderOperation.m */; };
		78C23D7D1ED34D62000CD40E /* SDWebImageManager.m in Sources */ = {isa = PBXBuildFile; fileRef = 78C23D531ED34D62000CD40E /* SDWebImageManager.m */; };
		78C23D7E1ED34D62000CD40E /* SDWebImagePrefetcher.m in Sources */ = {isa = PBXBuildFile; fileRef = 78C23D561ED34D62000CD40E /* SDWebImagePrefetcher.m */; };
		78C23D7F1ED34D62000CD40E /* UIButton+WebCache.m in Sources */ = {isa = PBXBuildFile; fileRef = 78C23D581ED34D62000CD40E /* UIButton+WebCache.m */; };
		78C23D801ED34D62000CD40E /* UIImage+GIF.m in Sources */ = {isa = PBXBuildFile; fileRef = 78C23D5A1ED34D62000CD40E /* UIImage+GIF.m */; };
		78C23D811ED34D62000CD40E /* UIImage+MultiFormat.m in Sources */ = {isa = PBXBuildFile; fileRef = 78C23D5C1ED34D62000CD40E /* UIImage+MultiFormat.m */; };
		78C23D821ED34D62000CD40E /* UIImage+WebP.m in Sources */ = {isa = PBXBuildFile; fileRef = 78C23D5E1ED34D62000CD40E /* UIImage+WebP.m */; };
		78C23D831ED34D62000CD40E /* UIImageView+HighlightedWebCache.m in Sources */ = {isa = PBXBuildFile; fileRef = 78C23D601ED34D62000CD40E /* UIImageView+HighlightedWebCache.m */; };
		78C23D841ED34D62000CD40E /* UIImageView+WebCache.m in Sources */ = {isa = PBXBuildFile; fileRef = 78C23D621ED34D62000CD40E /* UIImageView+WebCache.m */; };
		78C23D851ED34D62000CD40E /* UIView+WebCacheOperation.m in Sources */ = {isa = PBXBuildFile; fileRef = 78C23D641ED34D62000CD40E /* UIView+WebCacheOperation.m */; };
		78C23D861ED34D62000CD40E /* SVProgressHUD.bundle in Resources */ = {isa = PBXBuildFile; fileRef = 78C23D661ED34D62000CD40E /* SVProgressHUD.bundle */; };
		78C23D871ED34D62000CD40E /* SVProgressHUD.m in Sources */ = {isa = PBXBuildFile; fileRef = 78C23D681ED34D62000CD40E /* SVProgressHUD.m */; };
		78C23DB71ED34D71000CD40E /* MJRefreshAutoFooter.m in Sources */ = {isa = PBXBuildFile; fileRef = 78C23D8B1ED34D71000CD40E /* MJRefreshAutoFooter.m */; };
		78C23DB81ED34D71000CD40E /* MJRefreshBackFooter.m in Sources */ = {isa = PBXBuildFile; fileRef = 78C23D8D1ED34D71000CD40E /* MJRefreshBackFooter.m */; };
		78C23DB91ED34D71000CD40E /* MJRefreshComponent.m in Sources */ = {isa = PBXBuildFile; fileRef = 78C23D8F1ED34D71000CD40E /* MJRefreshComponent.m */; };
		78C23DBA1ED34D71000CD40E /* MJRefreshFooter.m in Sources */ = {isa = PBXBuildFile; fileRef = 78C23D911ED34D71000CD40E /* MJRefreshFooter.m */; };
		78C23DBB1ED34D71000CD40E /* MJRefreshHeader.m in Sources */ = {isa = PBXBuildFile; fileRef = 78C23D931ED34D71000CD40E /* MJRefreshHeader.m */; };
		78C23DBC1ED34D71000CD40E /* MJRefreshAutoGifFooter.m in Sources */ = {isa = PBXBuildFile; fileRef = 78C23D981ED34D71000CD40E /* MJRefreshAutoGifFooter.m */; };
		78C23DBD1ED34D71000CD40E /* MJRefreshAutoNormalFooter.m in Sources */ = {isa = PBXBuildFile; fileRef = 78C23D9A1ED34D71000CD40E /* MJRefreshAutoNormalFooter.m */; };
		78C23DBE1ED34D71000CD40E /* MJRefreshAutoStateFooter.m in Sources */ = {isa = PBXBuildFile; fileRef = 78C23D9C1ED34D71000CD40E /* MJRefreshAutoStateFooter.m */; };
		78C23DBF1ED34D71000CD40E /* MJRefreshBackGifFooter.m in Sources */ = {isa = PBXBuildFile; fileRef = 78C23D9F1ED34D71000CD40E /* MJRefreshBackGifFooter.m */; };
		78C23DC01ED34D71000CD40E /* MJRefreshBackNormalFooter.m in Sources */ = {isa = PBXBuildFile; fileRef = 78C23DA11ED34D71000CD40E /* MJRefreshBackNormalFooter.m */; };
		78C23DC11ED34D71000CD40E /* MJRefreshBackStateFooter.m in Sources */ = {isa = PBXBuildFile; fileRef = 78C23DA31ED34D71000CD40E /* MJRefreshBackStateFooter.m */; };
		78C23DC21ED34D71000CD40E /* MJRefreshGifHeader.m in Sources */ = {isa = PBXBuildFile; fileRef = 78C23DA61ED34D71000CD40E /* MJRefreshGifHeader.m */; };
		78C23DC31ED34D71000CD40E /* MJRefreshNormalHeader.m in Sources */ = {isa = PBXBuildFile; fileRef = 78C23DA81ED34D71000CD40E /* MJRefreshNormalHeader.m */; };
		78C23DC41ED34D71000CD40E /* MJRefreshStateHeader.m in Sources */ = {isa = PBXBuildFile; fileRef = 78C23DAA1ED34D71000CD40E /* MJRefreshStateHeader.m */; };
		78C23DC51ED34D71000CD40E /* MJRefresh.bundle in Resources */ = {isa = PBXBuildFile; fileRef = 78C23DAB1ED34D71000CD40E /* MJRefresh.bundle */; };
		78C23DC61ED34D71000CD40E /* MJRefreshConst.m in Sources */ = {isa = PBXBuildFile; fileRef = 78C23DAE1ED34D71000CD40E /* MJRefreshConst.m */; };
		78C23DC71ED34D71000CD40E /* NSBundle+MJRefresh.m in Sources */ = {isa = PBXBuildFile; fileRef = 78C23DB01ED34D71000CD40E /* NSBundle+MJRefresh.m */; };
		78C23DC81ED34D71000CD40E /* UIScrollView+MJExtension.m in Sources */ = {isa = PBXBuildFile; fileRef = 78C23DB21ED34D71000CD40E /* UIScrollView+MJExtension.m */; };
		78C23DC91ED34D71000CD40E /* UIScrollView+MJRefresh.m in Sources */ = {isa = PBXBuildFile; fileRef = 78C23DB41ED34D71000CD40E /* UIScrollView+MJRefresh.m */; };
		78C23DCA1ED34D71000CD40E /* UIView+MJExtension.m in Sources */ = {isa = PBXBuildFile; fileRef = 78C23DB61ED34D71000CD40E /* UIView+MJExtension.m */; };
/* End PBXBuildFile section */

/* Begin PBXContainerItemProxy section */
		78C23C5C1ED3450A000CD40E /* PBXContainerItemProxy */ = {
			isa = PBXContainerItemProxy;
			containerPortal = 78C23C3A1ED3450A000CD40E /* Project object */;
			proxyType = 1;
			remoteGlobalIDString = 78C23C411ED3450A000CD40E;
			remoteInfo = "立寻";
		};
		78C23C671ED3450A000CD40E /* PBXContainerItemProxy */ = {
			isa = PBXContainerItemProxy;
			containerPortal = 78C23C3A1ED3450A000CD40E /* Project object */;
			proxyType = 1;
			remoteGlobalIDString = 78C23C411ED3450A000CD40E;
			remoteInfo = "立寻";
		};
/* End PBXContainerItemProxy section */

/* Begin PBXFileReference section */
		78C23C421ED3450A000CD40E /* 立寻.app */ = {isa = PBXFileReference; explicitFileType = wrapper.application; includeInIndex = 0; path = "立寻.app"; sourceTree = BUILT_PRODUCTS_DIR; };
		78C23C461ED3450A000CD40E /* main.m */ = {isa = PBXFileReference; lastKnownFileType = sourcecode.c.objc; path = main.m; sourceTree = "<group>"; };
		78C23C481ED3450A000CD40E /* AppDelegate.h */ = {isa = PBXFileReference; lastKnownFileType = sourcecode.c.h; path = AppDelegate.h; sourceTree = "<group>"; };
		78C23C491ED3450A000CD40E /* AppDelegate.m */ = {isa = PBXFileReference; lastKnownFileType = sourcecode.c.objc; path = AppDelegate.m; sourceTree = "<group>"; };
		78C23C511ED3450A000CD40E /* Assets.xcassets */ = {isa = PBXFileReference; lastKnownFileType = folder.assetcatalog; path = Assets.xcassets; sourceTree = "<group>"; };
		78C23C541ED3450A000CD40E /* Base */ = {isa = PBXFileReference; lastKnownFileType = file.storyboard; name = Base; path = Base.lproj/LaunchScreen.storyboard; sourceTree = "<group>"; };
		78C23C561ED3450A000CD40E /* Info.plist */ = {isa = PBXFileReference; lastKnownFileType = text.plist.xml; path = Info.plist; sourceTree = "<group>"; };
		78C23C5B1ED3450A000CD40E /* 立寻Tests.xctest */ = {isa = PBXFileReference; explicitFileType = wrapper.cfbundle; includeInIndex = 0; path = "立寻Tests.xctest"; sourceTree = BUILT_PRODUCTS_DIR; };
		78C23C5F1ED3450A000CD40E /* __Tests.m */ = {isa = PBXFileReference; lastKnownFileType = sourcecode.c.objc; path = __Tests.m; sourceTree = "<group>"; };
		78C23C611ED3450A000CD40E /* Info.plist */ = {isa = PBXFileReference; lastKnownFileType = text.plist.xml; path = Info.plist; sourceTree = "<group>"; };
		78C23C661ED3450A000CD40E /* 立寻UITests.xctest */ = {isa = PBXFileReference; explicitFileType = wrapper.cfbundle; includeInIndex = 0; path = "立寻UITests.xctest"; sourceTree = BUILT_PRODUCTS_DIR; };
		78C23C6A1ED3450A000CD40E /* __UITests.m */ = {isa = PBXFileReference; lastKnownFileType = sourcecode.c.objc; path = __UITests.m; sourceTree = "<group>"; };
		78C23C6C1ED3450A000CD40E /* Info.plist */ = {isa = PBXFileReference; lastKnownFileType = text.plist.xml; path = Info.plist; sourceTree = "<group>"; };
		78C23CCB1ED34B51000CD40E /* 0.Comments.h */ = {isa = PBXFileReference; fileEncoding = 4; lastKnownFileType = sourcecode.c.h; path = 0.Comments.h; sourceTree = "<group>"; };
		78C23CCD1ED34B51000CD40E /* 0.Comments.h */ = {isa = PBXFileReference; fileEncoding = 4; lastKnownFileType = sourcecode.c.h; path = 0.Comments.h; sourceTree = "<group>"; };
		78C23CCF1ED34B51000CD40E /* 0.Comments.h */ = {isa = PBXFileReference; fileEncoding = 4; lastKnownFileType = sourcecode.c.h; path = 0.Comments.h; sourceTree = "<group>"; };
		78C23CD41ED34B51000CD40E /* 0.Comments.h */ = {isa = PBXFileReference; fileEncoding = 4; lastKnownFileType = sourcecode.c.h; path = 0.Comments.h; sourceTree = "<group>"; };
		78C23CD71ED34B51000CD40E /* 0.Comments.h */ = {isa = PBXFileReference; fileEncoding = 4; lastKnownFileType = sourcecode.c.h; path = 0.Comments.h; sourceTree = "<group>"; };
		78C23CDB1ED34B51000CD40E /* 0.Comments.h */ = {isa = PBXFileReference; fileEncoding = 4; lastKnownFileType = sourcecode.c.h; path = 0.Comments.h; sourceTree = "<group>"; };
		78C23CE01ED34B51000CD40E /* 0.Comments.h */ = {isa = PBXFileReference; fileEncoding = 4; lastKnownFileType = sourcecode.c.h; path = 0.Comments.h; sourceTree = "<group>"; };
		78C23CE51ED34B51000CD40E /* 0.Comments.h */ = {isa = PBXFileReference; fileEncoding = 4; lastKnownFileType = sourcecode.c.h; path = 0.Comments.h; sourceTree = "<group>"; };
		78C23CE71ED34B51000CD40E /* MainVC.h */ = {isa = PBXFileReference; fileEncoding = 4; lastKnownFileType = sourcecode.c.h; path = MainVC.h; sourceTree = "<group>"; };
		78C23CE81ED34B51000CD40E /* MainVC.m */ = {isa = PBXFileReference; fileEncoding = 4; lastKnownFileType = sourcecode.c.objc; path = MainVC.m; sourceTree = "<group>"; };
		78C23CEA1ED34B51000CD40E /* 0.Comments.h */ = {isa = PBXFileReference; fileEncoding = 4; lastKnownFileType = sourcecode.c.h; path = 0.Comments.h; sourceTree = "<group>"; };
		78C23CEC1ED34B51000CD40E /* 0.Comments.h */ = {isa = PBXFileReference; fileEncoding = 4; lastKnownFileType = sourcecode.c.h; path = 0.Comments.h; sourceTree = "<group>"; };
		78C23CF11ED34B51000CD40E /* 0.Comments.h */ = {isa = PBXFileReference; fileEncoding = 4; lastKnownFileType = sourcecode.c.h; path = 0.Comments.h; sourceTree = "<group>"; };
		78C23CF61ED34B51000CD40E /* 0.Comments.h */ = {isa = PBXFileReference; fileEncoding = 4; lastKnownFileType = sourcecode.c.h; path = 0.Comments.h; sourceTree = "<group>"; };
		78C23CFB1ED34B51000CD40E /* 0.Comments.h */ = {isa = PBXFileReference; fileEncoding = 4; lastKnownFileType = sourcecode.c.h; path = 0.Comments.h; sourceTree = "<group>"; };
		78C23D001ED34B51000CD40E /* 0.Comments.h */ = {isa = PBXFileReference; fileEncoding = 4; lastKnownFileType = sourcecode.c.h; path = 0.Comments.h; sourceTree = "<group>"; };
		78C23D091ED34B6D000CD40E /* LookForVC.h */ = {isa = PBXFileReference; fileEncoding = 4; lastKnownFileType = sourcecode.c.h; path = LookForVC.h; sourceTree = "<group>"; };
		78C23D0A1ED34B6D000CD40E /* LookForVC.m */ = {isa = PBXFileReference; fileEncoding = 4; lastKnownFileType = sourcecode.c.objc; path = LookForVC.m; sourceTree = "<group>"; };
		78C23D0C1ED34B7B000CD40E /* FindVC.h */ = {isa = PBXFileReference; fileEncoding = 4; lastKnownFileType = sourcecode.c.h; path = FindVC.h; sourceTree = "<group>"; };
		78C23D0D1ED34B7B000CD40E /* FindVC.m */ = {isa = PBXFileReference; fileEncoding = 4; lastKnownFileType = sourcecode.c.objc; path = FindVC.m; sourceTree = "<group>"; };
		78C23D121ED34BA3000CD40E /* MessageVC.h */ = {isa = PBXFileReference; fileEncoding = 4; lastKnownFileType = sourcecode.c.h; path = MessageVC.h; sourceTree = "<group>"; };
		78C23D131ED34BA3000CD40E /* MessageVC.m */ = {isa = PBXFileReference; fileEncoding = 4; lastKnownFileType = sourcecode.c.objc; path = MessageVC.m; sourceTree = "<group>"; };
		78C23D151ED34BAE000CD40E /* MyVC.h */ = {isa = PBXFileReference; fileEncoding = 4; lastKnownFileType = sourcecode.c.h; path = MyVC.h; sourceTree = "<group>"; };
		78C23D161ED34BAE000CD40E /* MyVC.m */ = {isa = PBXFileReference; fileEncoding = 4; lastKnownFileType = sourcecode.c.objc; path = MyVC.m; sourceTree = "<group>"; };
		78C23D181ED34BED000CD40E /* IssueVC.h */ = {isa = PBXFileReference; fileEncoding = 4; lastKnownFileType = sourcecode.c.h; path = IssueVC.h; sourceTree = "<group>"; };
		78C23D191ED34BED000CD40E /* IssueVC.m */ = {isa = PBXFileReference; fileEncoding = 4; lastKnownFileType = sourcecode.c.objc; path = IssueVC.m; sourceTree = "<group>"; };
		78C23D1B1ED34CA8000CD40E /* DHTool.h */ = {isa = PBXFileReference; fileEncoding = 4; lastKnownFileType = sourcecode.c.h; path = DHTool.h; sourceTree = "<group>"; };
		78C23D1C1ED34CA8000CD40E /* DHTool.m */ = {isa = PBXFileReference; fileEncoding = 4; lastKnownFileType = sourcecode.c.objc; path = DHTool.m; sourceTree = "<group>"; };
		78C23D1E1ED34CC6000CD40E /* PrefixHeader.pch */ = {isa = PBXFileReference; lastKnownFileType = sourcecode.c.h; name = PrefixHeader.pch; path = 1.PrefixHeader/PrefixHeader.pch; sourceTree = "<group>"; };
		78C23D1F1ED34CD5000CD40E /* PrefixHeader_property.pch */ = {isa = PBXFileReference; lastKnownFileType = sourcecode.c.h; name = PrefixHeader_property.pch; path = 2.Property/PrefixHeader_property.pch; sourceTree = "<group>"; };
		78C23D201ED34D0E000CD40E /* PrefixHeader_url.pch */ = {isa = PBXFileReference; lastKnownFileType = sourcecode.c.h; path = PrefixHeader_url.pch; sourceTree = "<group>"; };
		78C23D221ED34D33000CD40E /* PrefixHeader_notification.pch */ = {isa = PBXFileReference; fileEncoding = 4; lastKnownFileType = sourcecode.c.h; path = PrefixHeader_notification.pch; sourceTree = "<group>"; };
		78C23D241ED34D62000CD40E /* AFHTTPSessionManager.h */ = {isa = PBXFileReference; fileEncoding = 4; lastKnownFileType = sourcecode.c.h; path = AFHTTPSessionManager.h; sourceTree = "<group>"; };
		78C23D251ED34D62000CD40E /* AFHTTPSessionManager.m */ = {isa = PBXFileReference; fileEncoding = 4; lastKnownFileType = sourcecode.c.objc; path = AFHTTPSessionManager.m; sourceTree = "<group>"; };
		78C23D261ED34D62000CD40E /* AFNetworking.h */ = {isa = PBXFileReference; fileEncoding = 4; lastKnownFileType = sourcecode.c.h; path = AFNetworking.h; sourceTree = "<group>"; };
		78C23D271ED34D62000CD40E /* AFNetworkReachabilityManager.h */ = {isa = PBXFileReference; fileEncoding = 4; lastKnownFileType = sourcecode.c.h; path = AFNetworkReachabilityManager.h; sourceTree = "<group>"; };
		78C23D281ED34D62000CD40E /* AFNetworkReachabilityManager.m */ = {isa = PBXFileReference; fileEncoding = 4; lastKnownFileType = sourcecode.c.objc; path = AFNetworkReachabilityManager.m; sourceTree = "<group>"; };
		78C23D291ED34D62000CD40E /* AFSecurityPolicy.h */ = {isa = PBXFileReference; fileEncoding = 4; lastKnownFileType = sourcecode.c.h; path = AFSecurityPolicy.h; sourceTree = "<group>"; };
		78C23D2A1ED34D62000CD40E /* AFSecurityPolicy.m */ = {isa = PBXFileReference; fileEncoding = 4; lastKnownFileType = sourcecode.c.objc; path = AFSecurityPolicy.m; sourceTree = "<group>"; };
		78C23D2B1ED34D62000CD40E /* AFURLRequestSerialization.h */ = {isa = PBXFileReference; fileEncoding = 4; lastKnownFileType = sourcecode.c.h; path = AFURLRequestSerialization.h; sourceTree = "<group>"; };
		78C23D2C1ED34D62000CD40E /* AFURLRequestSerialization.m */ = {isa = PBXFileReference; fileEncoding = 4; lastKnownFileType = sourcecode.c.objc; path = AFURLRequestSerialization.m; sourceTree = "<group>"; };
		78C23D2D1ED34D62000CD40E /* AFURLResponseSerialization.h */ = {isa = PBXFileReference; fileEncoding = 4; lastKnownFileType = sourcecode.c.h; path = AFURLResponseSerialization.h; sourceTree = "<group>"; };
		78C23D2E1ED34D62000CD40E /* AFURLResponseSerialization.m */ = {isa = PBXFileReference; fileEncoding = 4; lastKnownFileType = sourcecode.c.objc; path = AFURLResponseSerialization.m; sourceTree = "<group>"; };
		78C23D2F1ED34D62000CD40E /* AFURLSessionManager.h */ = {isa = PBXFileReference; fileEncoding = 4; lastKnownFileType = sourcecode.c.h; path = AFURLSessionManager.h; sourceTree = "<group>"; };
		78C23D301ED34D62000CD40E /* AFURLSessionManager.m */ = {isa = PBXFileReference; fileEncoding = 4; lastKnownFileType = sourcecode.c.objc; path = AFURLSessionManager.m; sourceTree = "<group>"; };
		78C23D351ED34D62000CD40E /* TAAbstractDotView.h */ = {isa = PBXFileReference; fileEncoding = 4; lastKnownFileType = sourcecode.c.h; path = TAAbstractDotView.h; sourceTree = "<group>"; };
		78C23D361ED34D62000CD40E /* TAAbstractDotView.m */ = {isa = PBXFileReference; fileEncoding = 4; lastKnownFileType = sourcecode.c.objc; path = TAAbstractDotView.m; sourceTree = "<group>"; };
		78C23D371ED34D62000CD40E /* TAAnimatedDotView.h */ = {isa = PBXFileReference; fileEncoding = 4; lastKnownFileType = sourcecode.c.h; path = TAAnimatedDotView.h; sourceTree = "<group>"; };
		78C23D381ED34D62000CD40E /* TAAnimatedDotView.m */ = {isa = PBXFileReference; fileEncoding = 4; lastKnownFileType = sourcecode.c.objc; path = TAAnimatedDotView.m; sourceTree = "<group>"; };
		78C23D391ED34D62000CD40E /* TADotView.h */ = {isa = PBXFileReference; fileEncoding = 4; lastKnownFileType = sourcecode.c.h; path = TADotView.h; sourceTree = "<group>"; };
		78C23D3A1ED34D62000CD40E /* TADotView.m */ = {isa = PBXFileReference; fileEncoding = 4; lastKnownFileType = sourcecode.c.objc; path = TADotView.m; sourceTree = "<group>"; };
		78C23D3B1ED34D62000CD40E /* TAPageControl.h */ = {isa = PBXFileReference; fileEncoding = 4; lastKnownFileType = sourcecode.c.h; path = TAPageControl.h; sourceTree = "<group>"; };
		78C23D3C1ED34D62000CD40E /* TAPageControl.m */ = {isa = PBXFileReference; fileEncoding = 4; lastKnownFileType = sourcecode.c.objc; path = TAPageControl.m; sourceTree = "<group>"; };
		78C23D3D1ED34D62000CD40E /* SDCollectionViewCell.h */ = {isa = PBXFileReference; fileEncoding = 4; lastKnownFileType = sourcecode.c.h; path = SDCollectionViewCell.h; sourceTree = "<group>"; };
		78C23D3E1ED34D62000CD40E /* SDCollectionViewCell.m */ = {isa = PBXFileReference; fileEncoding = 4; lastKnownFileType = sourcecode.c.objc; path = SDCollectionViewCell.m; sourceTree = "<group>"; };
		78C23D3F1ED34D62000CD40E /* SDCycleScrollView.h */ = {isa = PBXFileReference; fileEncoding = 4; lastKnownFileType = sourcecode.c.h; path = SDCycleScrollView.h; sourceTree = "<group>"; };
		78C23D401ED34D62000CD40E /* SDCycleScrollView.m */ = {isa = PBXFileReference; fileEncoding = 4; lastKnownFileType = sourcecode.c.objc; path = SDCycleScrollView.m; sourceTree = "<group>"; };
		78C23D411ED34D62000CD40E /* UIView+SDExtension.h */ = {isa = PBXFileReference; fileEncoding = 4; lastKnownFileType = sourcecode.c.h; path = "UIView+SDExtension.h"; sourceTree = "<group>"; };
		78C23D421ED34D62000CD40E /* UIView+SDExtension.m */ = {isa = PBXFileReference; fileEncoding = 4; lastKnownFileType = sourcecode.c.objc; path = "UIView+SDExtension.m"; sourceTree = "<group>"; };
		78C23D441ED34D62000CD40E /* MKAnnotationView+WebCache.h */ = {isa = PBXFileReference; fileEncoding = 4; lastKnownFileType = sourcecode.c.h; path = "MKAnnotationView+WebCache.h"; sourceTree = "<group>"; };
		78C23D451ED34D62000CD40E /* MKAnnotationView+WebCache.m */ = {isa = PBXFileReference; fileEncoding = 4; lastKnownFileType = sourcecode.c.objc; path = "MKAnnotationView+WebCache.m"; sourceTree = "<group>"; };
		78C23D461ED34D62000CD40E /* NSData+ImageContentType.h */ = {isa = PBXFileReference; fileEncoding = 4; lastKnownFileType = sourcecode.c.h; path = "NSData+ImageContentType.h"; sourceTree = "<group>"; };
		78C23D471ED34D62000CD40E /* NSData+ImageContentType.m */ = {isa = PBXFileReference; fileEncoding = 4; lastKnownFileType = sourcecode.c.objc; path = "NSData+ImageContentType.m"; sourceTree = "<group>"; };
		78C23D481ED34D62000CD40E /* SDImageCache.h */ = {isa = PBXFileReference; fileEncoding = 4; lastKnownFileType = sourcecode.c.h; path = SDImageCache.h; sourceTree = "<group>"; };
		78C23D491ED34D62000CD40E /* SDImageCache.m */ = {isa = PBXFileReference; fileEncoding = 4; lastKnownFileType = sourcecode.c.objc; path = SDImageCache.m; sourceTree = "<group>"; };
		78C23D4A1ED34D62000CD40E /* SDWebImageCompat.h */ = {isa = PBXFileReference; fileEncoding = 4; lastKnownFileType = sourcecode.c.h; path = SDWebImageCompat.h; sourceTree = "<group>"; };
		78C23D4B1ED34D62000CD40E /* SDWebImageCompat.m */ = {isa = PBXFileReference; fileEncoding = 4; lastKnownFileType = sourcecode.c.objc; path = SDWebImageCompat.m; sourceTree = "<group>"; };
		78C23D4C1ED34D62000CD40E /* SDWebImageDecoder.h */ = {isa = PBXFileReference; fileEncoding = 4; lastKnownFileType = sourcecode.c.h; path = SDWebImageDecoder.h; sourceTree = "<group>"; };
		78C23D4D1ED34D62000CD40E /* SDWebImageDecoder.m */ = {isa = PBXFileReference; fileEncoding = 4; lastKnownFileType = sourcecode.c.objc; path = SDWebImageDecoder.m; sourceTree = "<group>"; };
		78C23D4E1ED34D62000CD40E /* SDWebImageDownloader.h */ = {isa = PBXFileReference; fileEncoding = 4; lastKnownFileType = sourcecode.c.h; path = SDWebImageDownloader.h; sourceTree = "<group>"; };
		78C23D4F1ED34D62000CD40E /* SDWebImageDownloader.m */ = {isa = PBXFileReference; fileEncoding = 4; lastKnownFileType = sourcecode.c.objc; path = SDWebImageDownloader.m; sourceTree = "<group>"; };
		78C23D501ED34D62000CD40E /* SDWebImageDownloaderOperation.h */ = {isa = PBXFileReference; fileEncoding = 4; lastKnownFileType = sourcecode.c.h; path = SDWebImageDownloaderOperation.h; sourceTree = "<group>"; };
		78C23D511ED34D62000CD40E /* SDWebImageDownloaderOperation.m */ = {isa = PBXFileReference; fileEncoding = 4; lastKnownFileType = sourcecode.c.objc; path = SDWebImageDownloaderOperation.m; sourceTree = "<group>"; };
		78C23D521ED34D62000CD40E /* SDWebImageManager.h */ = {isa = PBXFileReference; fileEncoding = 4; lastKnownFileType = sourcecode.c.h; path = SDWebImageManager.h; sourceTree = "<group>"; };
		78C23D531ED34D62000CD40E /* SDWebImageManager.m */ = {isa = PBXFileReference; fileEncoding = 4; lastKnownFileType = sourcecode.c.objc; path = SDWebImageManager.m; sourceTree = "<group>"; };
		78C23D541ED34D62000CD40E /* SDWebImageOperation.h */ = {isa = PBXFileReference; fileEncoding = 4; lastKnownFileType = sourcecode.c.h; path = SDWebImageOperation.h; sourceTree = "<group>"; };
		78C23D551ED34D62000CD40E /* SDWebImagePrefetcher.h */ = {isa = PBXFileReference; fileEncoding = 4; lastKnownFileType = sourcecode.c.h; path = SDWebImagePrefetcher.h; sourceTree = "<group>"; };
		78C23D561ED34D62000CD40E /* SDWebImagePrefetcher.m */ = {isa = PBXFileReference; fileEncoding = 4; lastKnownFileType = sourcecode.c.objc; path = SDWebImagePrefetcher.m; sourceTree = "<group>"; };
		78C23D571ED34D62000CD40E /* UIButton+WebCache.h */ = {isa = PBXFileReference; fileEncoding = 4; lastKnownFileType = sourcecode.c.h; path = "UIButton+WebCache.h"; sourceTree = "<group>"; };
		78C23D581ED34D62000CD40E /* UIButton+WebCache.m */ = {isa = PBXFileReference; fileEncoding = 4; lastKnownFileType = sourcecode.c.objc; path = "UIButton+WebCache.m"; sourceTree = "<group>"; };
		78C23D591ED34D62000CD40E /* UIImage+GIF.h */ = {isa = PBXFileReference; fileEncoding = 4; lastKnownFileType = sourcecode.c.h; path = "UIImage+GIF.h"; sourceTree = "<group>"; };
		78C23D5A1ED34D62000CD40E /* UIImage+GIF.m */ = {isa = PBXFileReference; fileEncoding = 4; lastKnownFileType = sourcecode.c.objc; path = "UIImage+GIF.m"; sourceTree = "<group>"; };
		78C23D5B1ED34D62000CD40E /* UIImage+MultiFormat.h */ = {isa = PBXFileReference; fileEncoding = 4; lastKnownFileType = sourcecode.c.h; path = "UIImage+MultiFormat.h"; sourceTree = "<group>"; };
		78C23D5C1ED34D62000CD40E /* UIImage+MultiFormat.m */ = {isa = PBXFileReference; fileEncoding = 4; lastKnownFileType = sourcecode.c.objc; path = "UIImage+MultiFormat.m"; sourceTree = "<group>"; };
		78C23D5D1ED34D62000CD40E /* UIImage+WebP.h */ = {isa = PBXFileReference; fileEncoding = 4; lastKnownFileType = sourcecode.c.h; path = "UIImage+WebP.h"; sourceTree = "<group>"; };
		78C23D5E1ED34D62000CD40E /* UIImage+WebP.m */ = {isa = PBXFileReference; fileEncoding = 4; lastKnownFileType = sourcecode.c.objc; path = "UIImage+WebP.m"; sourceTree = "<group>"; };
		78C23D5F1ED34D62000CD40E /* UIImageView+HighlightedWebCache.h */ = {isa = PBXFileReference; fileEncoding = 4; lastKnownFileType = sourcecode.c.h; path = "UIImageView+HighlightedWebCache.h"; sourceTree = "<group>"; };
		78C23D601ED34D62000CD40E /* UIImageView+HighlightedWebCache.m */ = {isa = PBXFileReference; fileEncoding = 4; lastKnownFileType = sourcecode.c.objc; path = "UIImageView+HighlightedWebCache.m"; sourceTree = "<group>"; };
		78C23D611ED34D62000CD40E /* UIImageView+WebCache.h */ = {isa = PBXFileReference; fileEncoding = 4; lastKnownFileType = sourcecode.c.h; path = "UIImageView+WebCache.h"; sourceTree = "<group>"; };
		78C23D621ED34D62000CD40E /* UIImageView+WebCache.m */ = {isa = PBXFileReference; fileEncoding = 4; lastKnownFileType = sourcecode.c.objc; path = "UIImageView+WebCache.m"; sourceTree = "<group>"; };
		78C23D631ED34D62000CD40E /* UIView+WebCacheOperation.h */ = {isa = PBXFileReference; fileEncoding = 4; lastKnownFileType = sourcecode.c.h; path = "UIView+WebCacheOperation.h"; sourceTree = "<group>"; };
		78C23D641ED34D62000CD40E /* UIView+WebCacheOperation.m */ = {isa = PBXFileReference; fileEncoding = 4; lastKnownFileType = sourcecode.c.objc; path = "UIView+WebCacheOperation.m"; sourceTree = "<group>"; };
		78C23D661ED34D62000CD40E /* SVProgressHUD.bundle */ = {isa = PBXFileReference; lastKnownFileType = "wrapper.plug-in"; path = SVProgressHUD.bundle; sourceTree = "<group>"; };
		78C23D671ED34D62000CD40E /* SVProgressHUD.h */ = {isa = PBXFileReference; fileEncoding = 4; lastKnownFileType = sourcecode.c.h; path = SVProgressHUD.h; sourceTree = "<group>"; };
		78C23D681ED34D62000CD40E /* SVProgressHUD.m */ = {isa = PBXFileReference; fileEncoding = 4; lastKnownFileType = sourcecode.c.objc; path = SVProgressHUD.m; sourceTree = "<group>"; };
		78C23D8A1ED34D71000CD40E /* MJRefreshAutoFooter.h */ = {isa = PBXFileReference; fileEncoding = 4; lastKnownFileType = sourcecode.c.h; path = MJRefreshAutoFooter.h; sourceTree = "<group>"; };
		78C23D8B1ED34D71000CD40E /* MJRefreshAutoFooter.m */ = {isa = PBXFileReference; fileEncoding = 4; lastKnownFileType = sourcecode.c.objc; path = MJRefreshAutoFooter.m; sourceTree = "<group>"; };
		78C23D8C1ED34D71000CD40E /* MJRefreshBackFooter.h */ = {isa = PBXFileReference; fileEncoding = 4; lastKnownFileType = sourcecode.c.h; path = MJRefreshBackFooter.h; sourceTree = "<group>"; };
		78C23D8D1ED34D71000CD40E /* MJRefreshBackFooter.m */ = {isa = PBXFileReference; fileEncoding = 4; lastKnownFileType = sourcecode.c.objc; path = MJRefreshBackFooter.m; sourceTree = "<group>"; };
		78C23D8E1ED34D71000CD40E /* MJRefreshComponent.h */ = {isa = PBXFileReference; fileEncoding = 4; lastKnownFileType = sourcecode.c.h; path = MJRefreshComponent.h; sourceTree = "<group>"; };
		78C23D8F1ED34D71000CD40E /* MJRefreshComponent.m */ = {isa = PBXFileReference; fileEncoding = 4; lastKnownFileType = sourcecode.c.objc; path = MJRefreshComponent.m; sourceTree = "<group>"; };
		78C23D901ED34D71000CD40E /* MJRefreshFooter.h */ = {isa = PBXFileReference; fileEncoding = 4; lastKnownFileType = sourcecode.c.h; path = MJRefreshFooter.h; sourceTree = "<group>"; };
		78C23D911ED34D71000CD40E /* MJRefreshFooter.m */ = {isa = PBXFileReference; fileEncoding = 4; lastKnownFileType = sourcecode.c.objc; path = MJRefreshFooter.m; sourceTree = "<group>"; };
		78C23D921ED34D71000CD40E /* MJRefreshHeader.h */ = {isa = PBXFileReference; fileEncoding = 4; lastKnownFileType = sourcecode.c.h; path = MJRefreshHeader.h; sourceTree = "<group>"; };
		78C23D931ED34D71000CD40E /* MJRefreshHeader.m */ = {isa = PBXFileReference; fileEncoding = 4; lastKnownFileType = sourcecode.c.objc; path = MJRefreshHeader.m; sourceTree = "<group>"; };
		78C23D971ED34D71000CD40E /* MJRefreshAutoGifFooter.h */ = {isa = PBXFileReference; fileEncoding = 4; lastKnownFileType = sourcecode.c.h; path = MJRefreshAutoGifFooter.h; sourceTree = "<group>"; };
		78C23D981ED34D71000CD40E /* MJRefreshAutoGifFooter.m */ = {isa = PBXFileReference; fileEncoding = 4; lastKnownFileType = sourcecode.c.objc; path = MJRefreshAutoGifFooter.m; sourceTree = "<group>"; };
		78C23D991ED34D71000CD40E /* MJRefreshAutoNormalFooter.h */ = {isa = PBXFileReference; fileEncoding = 4; lastKnownFileType = sourcecode.c.h; path = MJRefreshAutoNormalFooter.h; sourceTree = "<group>"; };
		78C23D9A1ED34D71000CD40E /* MJRefreshAutoNormalFooter.m */ = {isa = PBXFileReference; fileEncoding = 4; lastKnownFileType = sourcecode.c.objc; path = MJRefreshAutoNormalFooter.m; sourceTree = "<group>"; };
		78C23D9B1ED34D71000CD40E /* MJRefreshAutoStateFooter.h */ = {isa = PBXFileReference; fileEncoding = 4; lastKnownFileType = sourcecode.c.h; path = MJRefreshAutoStateFooter.h; sourceTree = "<group>"; };
		78C23D9C1ED34D71000CD40E /* MJRefreshAutoStateFooter.m */ = {isa = PBXFileReference; fileEncoding = 4; lastKnownFileType = sourcecode.c.objc; path = MJRefreshAutoStateFooter.m; sourceTree = "<group>"; };
		78C23D9E1ED34D71000CD40E /* MJRefreshBackGifFooter.h */ = {isa = PBXFileReference; fileEncoding = 4; lastKnownFileType = sourcecode.c.h; path = MJRefreshBackGifFooter.h; sourceTree = "<group>"; };
		78C23D9F1ED34D71000CD40E /* MJRefreshBackGifFooter.m */ = {isa = PBXFileReference; fileEncoding = 4; lastKnownFileType = sourcecode.c.objc; path = MJRefreshBackGifFooter.m; sourceTree = "<group>"; };
		78C23DA01ED34D71000CD40E /* MJRefreshBackNormalFooter.h */ = {isa = PBXFileReference; fileEncoding = 4; lastKnownFileType = sourcecode.c.h; path = MJRefreshBackNormalFooter.h; sourceTree = "<group>"; };
		78C23DA11ED34D71000CD40E /* MJRefreshBackNormalFooter.m */ = {isa = PBXFileReference; fileEncoding = 4; lastKnownFileType = sourcecode.c.objc; path = MJRefreshBackNormalFooter.m; sourceTree = "<group>"; };
		78C23DA21ED34D71000CD40E /* MJRefreshBackStateFooter.h */ = {isa = PBXFileReference; fileEncoding = 4; lastKnownFileType = sourcecode.c.h; path = MJRefreshBackStateFooter.h; sourceTree = "<group>"; };
		78C23DA31ED34D71000CD40E /* MJRefreshBackStateFooter.m */ = {isa = PBXFileReference; fileEncoding = 4; lastKnownFileType = sourcecode.c.objc; path = MJRefreshBackStateFooter.m; sourceTree = "<group>"; };
		78C23DA51ED34D71000CD40E /* MJRefreshGifHeader.h */ = {isa = PBXFileReference; fileEncoding = 4; lastKnownFileType = sourcecode.c.h; path = MJRefreshGifHeader.h; sourceTree = "<group>"; };
		78C23DA61ED34D71000CD40E /* MJRefreshGifHeader.m */ = {isa = PBXFileReference; fileEncoding = 4; lastKnownFileType = sourcecode.c.objc; path = MJRefreshGifHeader.m; sourceTree = "<group>"; };
		78C23DA71ED34D71000CD40E /* MJRefreshNormalHeader.h */ = {isa = PBXFileReference; fileEncoding = 4; lastKnownFileType = sourcecode.c.h; path = MJRefreshNormalHeader.h; sourceTree = "<group>"; };
		78C23DA81ED34D71000CD40E /* MJRefreshNormalHeader.m */ = {isa = PBXFileReference; fileEncoding = 4; lastKnownFileType = sourcecode.c.objc; path = MJRefreshNormalHeader.m; sourceTree = "<group>"; };
		78C23DA91ED34D71000CD40E /* MJRefreshStateHeader.h */ = {isa = PBXFileReference; fileEncoding = 4; lastKnownFileType = sourcecode.c.h; path = MJRefreshStateHeader.h; sourceTree = "<group>"; };
		78C23DAA1ED34D71000CD40E /* MJRefreshStateHeader.m */ = {isa = PBXFileReference; fileEncoding = 4; lastKnownFileType = sourcecode.c.objc; path = MJRefreshStateHeader.m; sourceTree = "<group>"; };
		78C23DAB1ED34D71000CD40E /* MJRefresh.bundle */ = {isa = PBXFileReference; lastKnownFileType = "wrapper.plug-in"; path = MJRefresh.bundle; sourceTree = "<group>"; };
		78C23DAC1ED34D71000CD40E /* MJRefresh.h */ = {isa = PBXFileReference; fileEncoding = 4; lastKnownFileType = sourcecode.c.h; path = MJRefresh.h; sourceTree = "<group>"; };
		78C23DAD1ED34D71000CD40E /* MJRefreshConst.h */ = {isa = PBXFileReference; fileEncoding = 4; lastKnownFileType = sourcecode.c.h; path = MJRefreshConst.h; sourceTree = "<group>"; };
		78C23DAE1ED34D71000CD40E /* MJRefreshConst.m */ = {isa = PBXFileReference; fileEncoding = 4; lastKnownFileType = sourcecode.c.objc; path = MJRefreshConst.m; sourceTree = "<group>"; };
		78C23DAF1ED34D71000CD40E /* NSBundle+MJRefresh.h */ = {isa = PBXFileReference; fileEncoding = 4; lastKnownFileType = sourcecode.c.h; path = "NSBundle+MJRefresh.h"; sourceTree = "<group>"; };
		78C23DB01ED34D71000CD40E /* NSBundle+MJRefresh.m */ = {isa = PBXFileReference; fileEncoding = 4; lastKnownFileType = sourcecode.c.objc; path = "NSBundle+MJRefresh.m"; sourceTree = "<group>"; };
		78C23DB11ED34D71000CD40E /* UIScrollView+MJExtension.h */ = {isa = PBXFileReference; fileEncoding = 4; lastKnownFileType = sourcecode.c.h; path = "UIScrollView+MJExtension.h"; sourceTree = "<group>"; };
		78C23DB21ED34D71000CD40E /* UIScrollView+MJExtension.m */ = {isa = PBXFileReference; fileEncoding = 4; lastKnownFileType = sourcecode.c.objc; path = "UIScrollView+MJExtension.m"; sourceTree = "<group>"; };
		78C23DB31ED34D71000CD40E /* UIScrollView+MJRefresh.h */ = {isa = PBXFileReference; fileEncoding = 4; lastKnownFileType = sourcecode.c.h; path = "UIScrollView+MJRefresh.h"; sourceTree = "<group>"; };
		78C23DB41ED34D71000CD40E /* UIScrollView+MJRefresh.m */ = {isa = PBXFileReference; fileEncoding = 4; lastKnownFileType = sourcecode.c.objc; path = "UIScrollView+MJRefresh.m"; sourceTree = "<group>"; };
		78C23DB51ED34D71000CD40E /* UIView+MJExtension.h */ = {isa = PBXFileReference; fileEncoding = 4; lastKnownFileType = sourcecode.c.h; path = "UIView+MJExtension.h"; sourceTree = "<group>"; };
		78C23DB61ED34D71000CD40E /* UIView+MJExtension.m */ = {isa = PBXFileReference; fileEncoding = 4; lastKnownFileType = sourcecode.c.objc; path = "UIView+MJExtension.m"; sourceTree = "<group>"; };
/* End PBXFileReference section */

/* Begin PBXFrameworksBuildPhase section */
		78C23C3F1ED3450A000CD40E /* Frameworks */ = {
			isa = PBXFrameworksBuildPhase;
			buildActionMask = 2147483647;
			files = (
			);
			runOnlyForDeploymentPostprocessing = 0;
		};
		78C23C581ED3450A000CD40E /* Frameworks */ = {
			isa = PBXFrameworksBuildPhase;
			buildActionMask = 2147483647;
			files = (
			);
			runOnlyForDeploymentPostprocessing = 0;
		};
		78C23C631ED3450A000CD40E /* Frameworks */ = {
			isa = PBXFrameworksBuildPhase;
			buildActionMask = 2147483647;
			files = (
			);
			runOnlyForDeploymentPostprocessing = 0;
		};
/* End PBXFrameworksBuildPhase section */

/* Begin PBXGroup section */
		78C23C391ED3450A000CD40E = {
			isa = PBXGroup;
			children = (
				78C23CCA1ED34B51000CD40E /* MyFile */,
				78C23C441ED3450A000CD40E /* 立寻 */,
				78C23C5E1ED3450A000CD40E /* 立寻Tests */,
				78C23C691ED3450A000CD40E /* 立寻UITests */,
				78C23C431ED3450A000CD40E /* Products */,
			);
			sourceTree = "<group>";
		};
		78C23C431ED3450A000CD40E /* Products */ = {
			isa = PBXGroup;
			children = (
				78C23C421ED3450A000CD40E /* 立寻.app */,
				78C23C5B1ED3450A000CD40E /* 立寻Tests.xctest */,
				78C23C661ED3450A000CD40E /* 立寻UITests.xctest */,
			);
			name = Products;
			sourceTree = "<group>";
		};
		78C23C441ED3450A000CD40E /* 立寻 */ = {
			isa = PBXGroup;
			children = (
				78C23C481ED3450A000CD40E /* AppDelegate.h */,
				78C23C491ED3450A000CD40E /* AppDelegate.m */,
				78C23C511ED3450A000CD40E /* Assets.xcassets */,
				78C23C531ED3450A000CD40E /* LaunchScreen.storyboard */,
				78C23C561ED3450A000CD40E /* Info.plist */,
				78C23C451ED3450A000CD40E /* Supporting Files */,
			);
			path = "立寻";
			sourceTree = "<group>";
		};
		78C23C451ED3450A000CD40E /* Supporting Files */ = {
			isa = PBXGroup;
			children = (
				78C23C461ED3450A000CD40E /* main.m */,
			);
			name = "Supporting Files";
			sourceTree = "<group>";
		};
		78C23C5E1ED3450A000CD40E /* 立寻Tests */ = {
			isa = PBXGroup;
			children = (
				78C23C5F1ED3450A000CD40E /* __Tests.m */,
				78C23C611ED3450A000CD40E /* Info.plist */,
			);
			path = "立寻Tests";
			sourceTree = "<group>";
		};
		78C23C691ED3450A000CD40E /* 立寻UITests */ = {
			isa = PBXGroup;
			children = (
				78C23C6A1ED3450A000CD40E /* __UITests.m */,
				78C23C6C1ED3450A000CD40E /* Info.plist */,
			);
			path = "立寻UITests";
			sourceTree = "<group>";
		};
		78C23CCA1ED34B51000CD40E /* MyFile */ = {
			isa = PBXGroup;
			children = (
				78C23CCB1ED34B51000CD40E /* 0.Comments.h */,
				78C23CCC1ED34B51000CD40E /* 1.Classes */,
				78C23D041ED34B51000CD40E /* 2.Other */,
			);
			path = MyFile;
			sourceTree = "<group>";
		};
		78C23CCC1ED34B51000CD40E /* 1.Classes */ = {
			isa = PBXGroup;
			children = (
				78C23CCD1ED34B51000CD40E /* 0.Comments.h */,
				78C23CCE1ED34B51000CD40E /* 1.PrefixHeaders */,
				78C23CD31ED34B51000CD40E /* 2.T_Tool */,
				78C23CDF1ED34B51000CD40E /* 3.Sections */,
			);
			path = 1.Classes;
			sourceTree = "<group>";
		};
		78C23CCE1ED34B51000CD40E /* 1.PrefixHeaders */ = {
			isa = PBXGroup;
			children = (
				78C23CCF1ED34B51000CD40E /* 0.Comments.h */,
				78C23CD01ED34B51000CD40E /* 1.PrefixHeader */,
				78C23D1E1ED34CC6000CD40E /* PrefixHeader.pch */,
				78C23CD11ED34B51000CD40E /* 2.Property */,
				78C23D1F1ED34CD5000CD40E /* PrefixHeader_property.pch */,
				78C23CD21ED34B51000CD40E /* 3.U_Url */,
				78C23D211ED34D33000CD40E /* 4.Notification */,
			);
			path = 1.PrefixHeaders;
			sourceTree = "<group>";
		};
		78C23CD01ED34B51000CD40E /* 1.PrefixHeader */ = {
			isa = PBXGroup;
			children = (
			);
			path = 1.PrefixHeader;
			sourceTree = "<group>";
		};
		78C23CD11ED34B51000CD40E /* 2.Property */ = {
			isa = PBXGroup;
			children = (
			);
			path = 2.Property;
			sourceTree = "<group>";
		};
		78C23CD21ED34B51000CD40E /* 3.U_Url */ = {
			isa = PBXGroup;
			children = (
				78C23D201ED34D0E000CD40E /* PrefixHeader_url.pch */,
			);
			path = 3.U_Url;
			sourceTree = "<group>";
		};
		78C23CD31ED34B51000CD40E /* 2.T_Tool */ = {
			isa = PBXGroup;
			children = (
				78C23CD41ED34B51000CD40E /* 0.Comments.h */,
				78C23CD51ED34B51000CD40E /* 1.Public */,
				78C23CD61ED34B51000CD40E /* 2.Private */,
				78C23CDA1ED34B51000CD40E /* 3.Pay */,
				78C23CDE1ED34B51000CD40E /* 4.Chat */,
			);
			path = 2.T_Tool;
			sourceTree = "<group>";
		};
		78C23CD51ED34B51000CD40E /* 1.Public */ = {
			isa = PBXGroup;
			children = (
				78C23D1B1ED34CA8000CD40E /* DHTool.h */,
				78C23D1C1ED34CA8000CD40E /* DHTool.m */,
			);
			path = 1.Public;
			sourceTree = "<group>";
		};
		78C23CD61ED34B51000CD40E /* 2.Private */ = {
			isa = PBXGroup;
			children = (
				78C23CD71ED34B51000CD40E /* 0.Comments.h */,
				78C23CD81ED34B51000CD40E /* 1.NetWorking */,
				78C23CD91ED34B51000CD40E /* 2.Shared */,
			);
			path = 2.Private;
			sourceTree = "<group>";
		};
		78C23CD81ED34B51000CD40E /* 1.NetWorking */ = {
			isa = PBXGroup;
			children = (
			);
			path = 1.NetWorking;
			sourceTree = "<group>";
		};
		78C23CD91ED34B51000CD40E /* 2.Shared */ = {
			isa = PBXGroup;
			children = (
			);
			path = 2.Shared;
			sourceTree = "<group>";
		};
		78C23CDA1ED34B51000CD40E /* 3.Pay */ = {
			isa = PBXGroup;
			children = (
				78C23CDB1ED34B51000CD40E /* 0.Comments.h */,
				78C23CDC1ED34B51000CD40E /* 1.AliPay */,
				78C23CDD1ED34B51000CD40E /* 2.WXPay */,
			);
			path = 3.Pay;
			sourceTree = "<group>";
		};
		78C23CDC1ED34B51000CD40E /* 1.AliPay */ = {
			isa = PBXGroup;
			children = (
			);
			path = 1.AliPay;
			sourceTree = "<group>";
		};
		78C23CDD1ED34B51000CD40E /* 2.WXPay */ = {
			isa = PBXGroup;
			children = (
			);
			path = 2.WXPay;
			sourceTree = "<group>";
		};
		78C23CDE1ED34B51000CD40E /* 4.Chat */ = {
			isa = PBXGroup;
			children = (
			);
			path = 4.Chat;
			sourceTree = "<group>";
		};
		78C23CDF1ED34B51000CD40E /* 3.Sections */ = {
			isa = PBXGroup;
			children = (
				78C23CE01ED34B51000CD40E /* 0.Comments.h */,
				78C23CE11ED34B51000CD40E /* 1.Start */,
				78C23CE21ED34B51000CD40E /* 2.Login */,
				78C23CE31ED34B51000CD40E /* 3.Register */,
				78C23CE41ED34B51000CD40E /* 4.Main */,
			);
			path = 3.Sections;
			sourceTree = "<group>";
		};
		78C23CE11ED34B51000CD40E /* 1.Start */ = {
			isa = PBXGroup;
			children = (
			);
			path = 1.Start;
			sourceTree = "<group>";
		};
		78C23CE21ED34B51000CD40E /* 2.Login */ = {
			isa = PBXGroup;
			children = (
			);
			path = 2.Login;
			sourceTree = "<group>";
		};
		78C23CE31ED34B51000CD40E /* 3.Register */ = {
			isa = PBXGroup;
			children = (
			);
			path = 3.Register;
			sourceTree = "<group>";
		};
		78C23CE41ED34B51000CD40E /* 4.Main */ = {
			isa = PBXGroup;
			children = (
				78C23CE51ED34B51000CD40E /* 0.Comments.h */,
				78C23CE61ED34B51000CD40E /* 1.Controller */,
				78C23CE91ED34B51000CD40E /* 2.MainSection */,
			);
			path = 4.Main;
			sourceTree = "<group>";
		};
		78C23CE61ED34B51000CD40E /* 1.Controller */ = {
			isa = PBXGroup;
			children = (
				78C23CE71ED34B51000CD40E /* MainVC.h */,
				78C23CE81ED34B51000CD40E /* MainVC.m */,
			);
			path = 1.Controller;
			sourceTree = "<group>";
		};
		78C23CE91ED34B51000CD40E /* 2.MainSection */ = {
			isa = PBXGroup;
			children = (
				78C23CEA1ED34B51000CD40E /* 0.Comments.h */,
				78C23CEB1ED34B51000CD40E /* 1.LookFor */,
				78C23CF01ED34B51000CD40E /* 2.Find */,
				78C23CF51ED34B51000CD40E /* 3.Issue */,
				78C23CFA1ED34B51000CD40E /* 4.Message */,
				78C23CFF1ED34B51000CD40E /* 5.My */,
			);
			path = 2.MainSection;
			sourceTree = "<group>";
		};
		78C23CEB1ED34B51000CD40E /* 1.LookFor */ = {
			isa = PBXGroup;
			children = (
				78C23CEC1ED34B51000CD40E /* 0.Comments.h */,
				78C23CED1ED34B51000CD40E /* 1.Controller */,
				78C23CEE1ED34B51000CD40E /* 2.MyView */,
				78C23CEF1ED34B51000CD40E /* 3.Sections */,
			);
			path = 1.LookFor;
			sourceTree = "<group>";
		};
		78C23CED1ED34B51000CD40E /* 1.Controller */ = {
			isa = PBXGroup;
			children = (
				78C23D091ED34B6D000CD40E /* LookForVC.h */,
				78C23D0A1ED34B6D000CD40E /* LookForVC.m */,
			);
			path = 1.Controller;
			sourceTree = "<group>";
		};
		78C23CEE1ED34B51000CD40E /* 2.MyView */ = {
			isa = PBXGroup;
			children = (
			);
			path = 2.MyView;
			sourceTree = "<group>";
		};
		78C23CEF1ED34B51000CD40E /* 3.Sections */ = {
			isa = PBXGroup;
			children = (
			);
			path = 3.Sections;
			sourceTree = "<group>";
		};
		78C23CF01ED34B51000CD40E /* 2.Find */ = {
			isa = PBXGroup;
			children = (
				78C23CF11ED34B51000CD40E /* 0.Comments.h */,
				78C23CF21ED34B51000CD40E /* 1.Controller */,
				78C23CF31ED34B51000CD40E /* 2.MyView */,
				78C23CF41ED34B51000CD40E /* 3.Sections */,
			);
			path = 2.Find;
			sourceTree = "<group>";
		};
		78C23CF21ED34B51000CD40E /* 1.Controller */ = {
			isa = PBXGroup;
			children = (
				78C23D0C1ED34B7B000CD40E /* FindVC.h */,
				78C23D0D1ED34B7B000CD40E /* FindVC.m */,
			);
			path = 1.Controller;
			sourceTree = "<group>";
		};
		78C23CF31ED34B51000CD40E /* 2.MyView */ = {
			isa = PBXGroup;
			children = (
			);
			path = 2.MyView;
			sourceTree = "<group>";
		};
		78C23CF41ED34B51000CD40E /* 3.Sections */ = {
			isa = PBXGroup;
			children = (
			);
			path = 3.Sections;
			sourceTree = "<group>";
		};
		78C23CF51ED34B51000CD40E /* 3.Issue */ = {
			isa = PBXGroup;
			children = (
				78C23CF61ED34B51000CD40E /* 0.Comments.h */,
				78C23CF71ED34B51000CD40E /* 1.Controller */,
				78C23CF81ED34B51000CD40E /* 2.MyView */,
				78C23CF91ED34B51000CD40E /* 3.Sections */,
			);
			path = 3.Issue;
			sourceTree = "<group>";
		};
		78C23CF71ED34B51000CD40E /* 1.Controller */ = {
			isa = PBXGroup;
			children = (
				78C23D181ED34BED000CD40E /* IssueVC.h */,
				78C23D191ED34BED000CD40E /* IssueVC.m */,
			);
			path = 1.Controller;
			sourceTree = "<group>";
		};
		78C23CF81ED34B51000CD40E /* 2.MyView */ = {
			isa = PBXGroup;
			children = (
			);
			path = 2.MyView;
			sourceTree = "<group>";
		};
		78C23CF91ED34B51000CD40E /* 3.Sections */ = {
			isa = PBXGroup;
			children = (
			);
			path = 3.Sections;
			sourceTree = "<group>";
		};
		78C23CFA1ED34B51000CD40E /* 4.Message */ = {
			isa = PBXGroup;
			children = (
				78C23CFB1ED34B51000CD40E /* 0.Comments.h */,
				78C23CFC1ED34B51000CD40E /* 1.Controller */,
				78C23CFD1ED34B51000CD40E /* 2.MyView */,
				78C23CFE1ED34B51000CD40E /* 3.Sections */,
			);
			path = 4.Message;
			sourceTree = "<group>";
		};
		78C23CFC1ED34B51000CD40E /* 1.Controller */ = {
			isa = PBXGroup;
			children = (
				78C23D121ED34BA3000CD40E /* MessageVC.h */,
				78C23D131ED34BA3000CD40E /* MessageVC.m */,
			);
			path = 1.Controller;
			sourceTree = "<group>";
		};
		78C23CFD1ED34B51000CD40E /* 2.MyView */ = {
			isa = PBXGroup;
			children = (
			);
			path = 2.MyView;
			sourceTree = "<group>";
		};
		78C23CFE1ED34B51000CD40E /* 3.Sections */ = {
			isa = PBXGroup;
			children = (
			);
			path = 3.Sections;
			sourceTree = "<group>";
		};
		78C23CFF1ED34B51000CD40E /* 5.My */ = {
			isa = PBXGroup;
			children = (
				78C23D001ED34B51000CD40E /* 0.Comments.h */,
				78C23D011ED34B51000CD40E /* 1.Controller */,
				78C23D021ED34B51000CD40E /* 2.MyView */,
				78C23D031ED34B51000CD40E /* 3.Sections */,
			);
			path = 5.My;
			sourceTree = "<group>";
		};
		78C23D011ED34B51000CD40E /* 1.Controller */ = {
			isa = PBXGroup;
			children = (
				78C23D151ED34BAE000CD40E /* MyVC.h */,
				78C23D161ED34BAE000CD40E /* MyVC.m */,
			);
			path = 1.Controller;
			sourceTree = "<group>";
		};
		78C23D021ED34B51000CD40E /* 2.MyView */ = {
			isa = PBXGroup;
			children = (
			);
			path = 2.MyView;
			sourceTree = "<group>";
		};
		78C23D031ED34B51000CD40E /* 3.Sections */ = {
			isa = PBXGroup;
			children = (
			);
			path = 3.Sections;
			sourceTree = "<group>";
		};
		78C23D041ED34B51000CD40E /* 2.Other */ = {
			isa = PBXGroup;
			children = (
				78C23D051ED34B51000CD40E /* 1.Vender */,
				78C23D061ED34B51000CD40E /* 2.Image */,
				78C23D071ED34B51000CD40E /* 3.P_Plist */,
			);
			path = 2.Other;
			sourceTree = "<group>";
		};
		78C23D051ED34B51000CD40E /* 1.Vender */ = {
			isa = PBXGroup;
			children = (
				78C23D881ED34D71000CD40E /* MJRefresh */,
				78C23D231ED34D62000CD40E /* AFNetworking_3.0 */,
				78C23D311ED34D62000CD40E /* SDWebImage */,
				78C23D651ED34D62000CD40E /* SVProgressHUD */,
			);
			path = 1.Vender;
			sourceTree = "<group>";
		};
		78C23D061ED34B51000CD40E /* 2.Image */ = {
			isa = PBXGroup;
			children = (
			);
			path = 2.Image;
			sourceTree = "<group>";
		};
		78C23D071ED34B51000CD40E /* 3.P_Plist */ = {
			isa = PBXGroup;
			children = (
			);
			path = 3.P_Plist;
			sourceTree = "<group>";
		};
		78C23D211ED34D33000CD40E /* 4.Notification */ = {
			isa = PBXGroup;
			children = (
				78C23D221ED34D33000CD40E /* PrefixHeader_notification.pch */,
			);
			path = 4.Notification;
			sourceTree = "<group>";
		};
		78C23D231ED34D62000CD40E /* AFNetworking_3.0 */ = {
			isa = PBXGroup;
			children = (
				78C23D241ED34D62000CD40E /* AFHTTPSessionManager.h */,
				78C23D251ED34D62000CD40E /* AFHTTPSessionManager.m */,
				78C23D261ED34D62000CD40E /* AFNetworking.h */,
				78C23D271ED34D62000CD40E /* AFNetworkReachabilityManager.h */,
				78C23D281ED34D62000CD40E /* AFNetworkReachabilityManager.m */,
				78C23D291ED34D62000CD40E /* AFSecurityPolicy.h */,
				78C23D2A1ED34D62000CD40E /* AFSecurityPolicy.m */,
				78C23D2B1ED34D62000CD40E /* AFURLRequestSerialization.h */,
				78C23D2C1ED34D62000CD40E /* AFURLRequestSerialization.m */,
				78C23D2D1ED34D62000CD40E /* AFURLResponseSerialization.h */,
				78C23D2E1ED34D62000CD40E /* AFURLResponseSerialization.m */,
				78C23D2F1ED34D62000CD40E /* AFURLSessionManager.h */,
				78C23D301ED34D62000CD40E /* AFURLSessionManager.m */,
			);
			path = AFNetworking_3.0;
			sourceTree = "<group>";
		};
		78C23D311ED34D62000CD40E /* SDWebImage */ = {
			isa = PBXGroup;
			children = (
				78C23D321ED34D62000CD40E /* Lib */,
				78C23D431ED34D62000CD40E /* Masonry */,
				78C23D441ED34D62000CD40E /* MKAnnotationView+WebCache.h */,
				78C23D451ED34D62000CD40E /* MKAnnotationView+WebCache.m */,
				78C23D461ED34D62000CD40E /* NSData+ImageContentType.h */,
				78C23D471ED34D62000CD40E /* NSData+ImageContentType.m */,
				78C23D481ED34D62000CD40E /* SDImageCache.h */,
				78C23D491ED34D62000CD40E /* SDImageCache.m */,
				78C23D4A1ED34D62000CD40E /* SDWebImageCompat.h */,
				78C23D4B1ED34D62000CD40E /* SDWebImageCompat.m */,
				78C23D4C1ED34D62000CD40E /* SDWebImageDecoder.h */,
				78C23D4D1ED34D62000CD40E /* SDWebImageDecoder.m */,
				78C23D4E1ED34D62000CD40E /* SDWebImageDownloader.h */,
				78C23D4F1ED34D62000CD40E /* SDWebImageDownloader.m */,
				78C23D501ED34D62000CD40E /* SDWebImageDownloaderOperation.h */,
				78C23D511ED34D62000CD40E /* SDWebImageDownloaderOperation.m */,
				78C23D521ED34D62000CD40E /* SDWebImageManager.h */,
				78C23D531ED34D62000CD40E /* SDWebImageManager.m */,
				78C23D541ED34D62000CD40E /* SDWebImageOperation.h */,
				78C23D551ED34D62000CD40E /* SDWebImagePrefetcher.h */,
				78C23D561ED34D62000CD40E /* SDWebImagePrefetcher.m */,
				78C23D571ED34D62000CD40E /* UIButton+WebCache.h */,
				78C23D581ED34D62000CD40E /* UIButton+WebCache.m */,
				78C23D591ED34D62000CD40E /* UIImage+GIF.h */,
				78C23D5A1ED34D62000CD40E /* UIImage+GIF.m */,
				78C23D5B1ED34D62000CD40E /* UIImage+MultiFormat.h */,
				78C23D5C1ED34D62000CD40E /* UIImage+MultiFormat.m */,
				78C23D5D1ED34D62000CD40E /* UIImage+WebP.h */,
				78C23D5E1ED34D62000CD40E /* UIImage+WebP.m */,
				78C23D5F1ED34D62000CD40E /* UIImageView+HighlightedWebCache.h */,
				78C23D601ED34D62000CD40E /* UIImageView+HighlightedWebCache.m */,
				78C23D611ED34D62000CD40E /* UIImageView+WebCache.h */,
				78C23D621ED34D62000CD40E /* UIImageView+WebCache.m */,
				78C23D631ED34D62000CD40E /* UIView+WebCacheOperation.h */,
				78C23D641ED34D62000CD40E /* UIView+WebCacheOperation.m */,
			);
			path = SDWebImage;
			sourceTree = "<group>";
		};
		78C23D321ED34D62000CD40E /* Lib */ = {
			isa = PBXGroup;
			children = (
				78C23D331ED34D62000CD40E /* SDCycleScrollView */,
			);
			path = Lib;
			sourceTree = "<group>";
		};
		78C23D331ED34D62000CD40E /* SDCycleScrollView */ = {
			isa = PBXGroup;
			children = (
				78C23D341ED34D62000CD40E /* PageControl */,
				78C23D3D1ED34D62000CD40E /* SDCollectionViewCell.h */,
				78C23D3E1ED34D62000CD40E /* SDCollectionViewCell.m */,
				78C23D3F1ED34D62000CD40E /* SDCycleScrollView.h */,
				78C23D401ED34D62000CD40E /* SDCycleScrollView.m */,
				78C23D411ED34D62000CD40E /* UIView+SDExtension.h */,
				78C23D421ED34D62000CD40E /* UIView+SDExtension.m */,
			);
			path = SDCycleScrollView;
			sourceTree = "<group>";
		};
		78C23D341ED34D62000CD40E /* PageControl */ = {
			isa = PBXGroup;
			children = (
				78C23D351ED34D62000CD40E /* TAAbstractDotView.h */,
				78C23D361ED34D62000CD40E /* TAAbstractDotView.m */,
				78C23D371ED34D62000CD40E /* TAAnimatedDotView.h */,
				78C23D381ED34D62000CD40E /* TAAnimatedDotView.m */,
				78C23D391ED34D62000CD40E /* TADotView.h */,
				78C23D3A1ED34D62000CD40E /* TADotView.m */,
				78C23D3B1ED34D62000CD40E /* TAPageControl.h */,
				78C23D3C1ED34D62000CD40E /* TAPageControl.m */,
			);
			path = PageControl;
			sourceTree = "<group>";
		};
		78C23D431ED34D62000CD40E /* Masonry */ = {
			isa = PBXGroup;
			children = (
			);
			path = Masonry;
			sourceTree = "<group>";
		};
		78C23D651ED34D62000CD40E /* SVProgressHUD */ = {
			isa = PBXGroup;
			children = (
				78C23D661ED34D62000CD40E /* SVProgressHUD.bundle */,
				78C23D671ED34D62000CD40E /* SVProgressHUD.h */,
				78C23D681ED34D62000CD40E /* SVProgressHUD.m */,
			);
			path = SVProgressHUD;
			sourceTree = "<group>";
		};
		78C23D881ED34D71000CD40E /* MJRefresh */ = {
			isa = PBXGroup;
			children = (
				78C23D891ED34D71000CD40E /* Base */,
				78C23D941ED34D71000CD40E /* Custom */,
				78C23DAB1ED34D71000CD40E /* MJRefresh.bundle */,
				78C23DAC1ED34D71000CD40E /* MJRefresh.h */,
				78C23DAD1ED34D71000CD40E /* MJRefreshConst.h */,
				78C23DAE1ED34D71000CD40E /* MJRefreshConst.m */,
				78C23DAF1ED34D71000CD40E /* NSBundle+MJRefresh.h */,
				78C23DB01ED34D71000CD40E /* NSBundle+MJRefresh.m */,
				78C23DB11ED34D71000CD40E /* UIScrollView+MJExtension.h */,
				78C23DB21ED34D71000CD40E /* UIScrollView+MJExtension.m */,
				78C23DB31ED34D71000CD40E /* UIScrollView+MJRefresh.h */,
				78C23DB41ED34D71000CD40E /* UIScrollView+MJRefresh.m */,
				78C23DB51ED34D71000CD40E /* UIView+MJExtension.h */,
				78C23DB61ED34D71000CD40E /* UIView+MJExtension.m */,
			);
			path = MJRefresh;
			sourceTree = "<group>";
		};
		78C23D891ED34D71000CD40E /* Base */ = {
			isa = PBXGroup;
			children = (
				78C23D8A1ED34D71000CD40E /* MJRefreshAutoFooter.h */,
				78C23D8B1ED34D71000CD40E /* MJRefreshAutoFooter.m */,
				78C23D8C1ED34D71000CD40E /* MJRefreshBackFooter.h */,
				78C23D8D1ED34D71000CD40E /* MJRefreshBackFooter.m */,
				78C23D8E1ED34D71000CD40E /* MJRefreshComponent.h */,
				78C23D8F1ED34D71000CD40E /* MJRefreshComponent.m */,
				78C23D901ED34D71000CD40E /* MJRefreshFooter.h */,
				78C23D911ED34D71000CD40E /* MJRefreshFooter.m */,
				78C23D921ED34D71000CD40E /* MJRefreshHeader.h */,
				78C23D931ED34D71000CD40E /* MJRefreshHeader.m */,
			);
			path = Base;
			sourceTree = "<group>";
		};
		78C23D941ED34D71000CD40E /* Custom */ = {
			isa = PBXGroup;
			children = (
				78C23D951ED34D71000CD40E /* Footer */,
				78C23DA41ED34D71000CD40E /* Header */,
			);
			path = Custom;
			sourceTree = "<group>";
		};
		78C23D951ED34D71000CD40E /* Footer */ = {
			isa = PBXGroup;
			children = (
				78C23D961ED34D71000CD40E /* Auto */,
				78C23D9D1ED34D71000CD40E /* Back */,
			);
			path = Footer;
			sourceTree = "<group>";
		};
		78C23D961ED34D71000CD40E /* Auto */ = {
			isa = PBXGroup;
			children = (
				78C23D971ED34D71000CD40E /* MJRefreshAutoGifFooter.h */,
				78C23D981ED34D71000CD40E /* MJRefreshAutoGifFooter.m */,
				78C23D991ED34D71000CD40E /* MJRefreshAutoNormalFooter.h */,
				78C23D9A1ED34D71000CD40E /* MJRefreshAutoNormalFooter.m */,
				78C23D9B1ED34D71000CD40E /* MJRefreshAutoStateFooter.h */,
				78C23D9C1ED34D71000CD40E /* MJRefreshAutoStateFooter.m */,
			);
			path = Auto;
			sourceTree = "<group>";
		};
		78C23D9D1ED34D71000CD40E /* Back */ = {
			isa = PBXGroup;
			children = (
				78C23D9E1ED34D71000CD40E /* MJRefreshBackGifFooter.h */,
				78C23D9F1ED34D71000CD40E /* MJRefreshBackGifFooter.m */,
				78C23DA01ED34D71000CD40E /* MJRefreshBackNormalFooter.h */,
				78C23DA11ED34D71000CD40E /* MJRefreshBackNormalFooter.m */,
				78C23DA21ED34D71000CD40E /* MJRefreshBackStateFooter.h */,
				78C23DA31ED34D71000CD40E /* MJRefreshBackStateFooter.m */,
			);
			path = Back;
			sourceTree = "<group>";
		};
		78C23DA41ED34D71000CD40E /* Header */ = {
			isa = PBXGroup;
			children = (
				78C23DA51ED34D71000CD40E /* MJRefreshGifHeader.h */,
				78C23DA61ED34D71000CD40E /* MJRefreshGifHeader.m */,
				78C23DA71ED34D71000CD40E /* MJRefreshNormalHeader.h */,
				78C23DA81ED34D71000CD40E /* MJRefreshNormalHeader.m */,
				78C23DA91ED34D71000CD40E /* MJRefreshStateHeader.h */,
				78C23DAA1ED34D71000CD40E /* MJRefreshStateHeader.m */,
			);
			path = Header;
			sourceTree = "<group>";
		};
/* End PBXGroup section */

/* Begin PBXNativeTarget section */
		78C23C411ED3450A000CD40E /* 立寻 */ = {
			isa = PBXNativeTarget;
			buildConfigurationList = 78C23C6F1ED3450A000CD40E /* Build configuration list for PBXNativeTarget "立寻" */;
			buildPhases = (
				78C23C3E1ED3450A000CD40E /* Sources */,
				78C23C3F1ED3450A000CD40E /* Frameworks */,
				78C23C401ED3450A000CD40E /* Resources */,
			);
			buildRules = (
			);
			dependencies = (
			);
			name = "立寻";
			productName = "立寻";
			productReference = 78C23C421ED3450A000CD40E /* 立寻.app */;
			productType = "com.apple.product-type.application";
		};
		78C23C5A1ED3450A000CD40E /* 立寻Tests */ = {
			isa = PBXNativeTarget;
			buildConfigurationList = 78C23C721ED3450A000CD40E /* Build configuration list for PBXNativeTarget "立寻Tests" */;
			buildPhases = (
				78C23C571ED3450A000CD40E /* Sources */,
				78C23C581ED3450A000CD40E /* Frameworks */,
				78C23C591ED3450A000CD40E /* Resources */,
			);
			buildRules = (
			);
			dependencies = (
				78C23C5D1ED3450A000CD40E /* PBXTargetDependency */,
			);
			name = "立寻Tests";
			productName = "立寻Tests";
			productReference = 78C23C5B1ED3450A000CD40E /* 立寻Tests.xctest */;
			productType = "com.apple.product-type.bundle.unit-test";
		};
		78C23C651ED3450A000CD40E /* 立寻UITests */ = {
			isa = PBXNativeTarget;
			buildConfigurationList = 78C23C751ED3450A000CD40E /* Build configuration list for PBXNativeTarget "立寻UITests" */;
			buildPhases = (
				78C23C621ED3450A000CD40E /* Sources */,
				78C23C631ED3450A000CD40E /* Frameworks */,
				78C23C641ED3450A000CD40E /* Resources */,
			);
			buildRules = (
			);
			dependencies = (
				78C23C681ED3450A000CD40E /* PBXTargetDependency */,
			);
			name = "立寻UITests";
			productName = "立寻UITests";
			productReference = 78C23C661ED3450A000CD40E /* 立寻UITests.xctest */;
			productType = "com.apple.product-type.bundle.ui-testing";
		};
/* End PBXNativeTarget section */

/* Begin PBXProject section */
		78C23C3A1ED3450A000CD40E /* Project object */ = {
			isa = PBXProject;
			attributes = {
				LastUpgradeCheck = 0820;
				ORGANIZATIONNAME = "杜浩";
				TargetAttributes = {
					78C23C411ED3450A000CD40E = {
						CreatedOnToolsVersion = 8.2.1;
						DevelopmentTeam = S6837EFG7L;
						ProvisioningStyle = Automatic;
					};
					78C23C5A1ED3450A000CD40E = {
						CreatedOnToolsVersion = 8.2.1;
						DevelopmentTeam = S6837EFG7L;
						ProvisioningStyle = Automatic;
						TestTargetID = 78C23C411ED3450A000CD40E;
					};
					78C23C651ED3450A000CD40E = {
						CreatedOnToolsVersion = 8.2.1;
						DevelopmentTeam = S6837EFG7L;
						ProvisioningStyle = Automatic;
						TestTargetID = 78C23C411ED3450A000CD40E;
					};
				};
			};
			buildConfigurationList = 78C23C3D1ED3450A000CD40E /* Build configuration list for PBXProject "立寻" */;
			compatibilityVersion = "Xcode 3.2";
			developmentRegion = English;
			hasScannedForEncodings = 0;
			knownRegions = (
				en,
				Base,
			);
			mainGroup = 78C23C391ED3450A000CD40E;
			productRefGroup = 78C23C431ED3450A000CD40E /* Products */;
			projectDirPath = "";
			projectRoot = "";
			targets = (
				78C23C411ED3450A000CD40E /* 立寻 */,
				78C23C5A1ED3450A000CD40E /* 立寻Tests */,
				78C23C651ED3450A000CD40E /* 立寻UITests */,
			);
		};
/* End PBXProject section */

/* Begin PBXResourcesBuildPhase section */
		78C23C401ED3450A000CD40E /* Resources */ = {
			isa = PBXResourcesBuildPhase;
			buildActionMask = 2147483647;
			files = (
				78C23C551ED3450A000CD40E /* LaunchScreen.storyboard in Resources */,
				78C23D861ED34D62000CD40E /* SVProgressHUD.bundle in Resources */,
				78C23DC51ED34D71000CD40E /* MJRefresh.bundle in Resources */,
				78C23C521ED3450A000CD40E /* Assets.xcassets in Resources */,
			);
			runOnlyForDeploymentPostprocessing = 0;
		};
		78C23C591ED3450A000CD40E /* Resources */ = {
			isa = PBXResourcesBuildPhase;
			buildActionMask = 2147483647;
			files = (
			);
			runOnlyForDeploymentPostprocessing = 0;
		};
		78C23C641ED3450A000CD40E /* Resources */ = {
			isa = PBXResourcesBuildPhase;
			buildActionMask = 2147483647;
			files = (
			);
			runOnlyForDeploymentPostprocessing = 0;
		};
/* End PBXResourcesBuildPhase section */

/* Begin PBXSourcesBuildPhase section */
		78C23C3E1ED3450A000CD40E /* Sources */ = {
			isa = PBXSourcesBuildPhase;
			buildActionMask = 2147483647;
			files = (
				78C23DC21ED34D71000CD40E /* MJRefreshGifHeader.m in Sources */,
				78C23D801ED34D62000CD40E /* UIImage+GIF.m in Sources */,
				78C23D6E1ED34D62000CD40E /* AFURLSessionManager.m in Sources */,
				78C23D741ED34D62000CD40E /* SDCycleScrollView.m in Sources */,
				78C23D711ED34D62000CD40E /* TADotView.m in Sources */,
				78C23D171ED34BAE000CD40E /* MyVC.m in Sources */,
				78C23D731ED34D62000CD40E /* SDCollectionViewCell.m in Sources */,
				78C23D7F1ED34D62000CD40E /* UIButton+WebCache.m in Sources */,
				78C23D081ED34B51000CD40E /* MainVC.m in Sources */,
				78C23DC01ED34D71000CD40E /* MJRefreshBackNormalFooter.m in Sources */,
				78C23D811ED34D62000CD40E /* UIImage+MultiFormat.m in Sources */,
				78C23C4A1ED3450A000CD40E /* AppDelegate.m in Sources */,
				78C23D7A1ED34D62000CD40E /* SDWebImageDecoder.m in Sources */,
				78C23D141ED34BA3000CD40E /* MessageVC.m in Sources */,
				78C23D841ED34D62000CD40E /* UIImageView+WebCache.m in Sources */,
				78C23DCA1ED34D71000CD40E /* UIView+MJExtension.m in Sources */,
				78C23DBD1ED34D71000CD40E /* MJRefreshAutoNormalFooter.m in Sources */,
				78C23D701ED34D62000CD40E /* TAAnimatedDotView.m in Sources */,
				78C23D6B1ED34D62000CD40E /* AFSecurityPolicy.m in Sources */,
				78C23D771ED34D62000CD40E /* NSData+ImageContentType.m in Sources */,
				78C23D7B1ED34D62000CD40E /* SDWebImageDownloader.m in Sources */,
				78C23C471ED3450A000CD40E /* main.m in Sources */,
				78C23D6C1ED34D62000CD40E /* AFURLRequestSerialization.m in Sources */,
				78C23D831ED34D62000CD40E /* UIImageView+HighlightedWebCache.m in Sources */,
				78C23D0E1ED34B7B000CD40E /* FindVC.m in Sources */,
				78C23D6F1ED34D62000CD40E /* TAAbstractDotView.m in Sources */,
				78C23D1A1ED34BED000CD40E /* IssueVC.m in Sources */,
				78C23D751ED34D62000CD40E /* UIView+SDExtension.m in Sources */,
				78C23D851ED34D62000CD40E /* UIView+WebCacheOperation.m in Sources */,
				78C23D791ED34D62000CD40E /* SDWebImageCompat.m in Sources */,
				78C23DC91ED34D71000CD40E /* UIScrollView+MJRefresh.m in Sources */,
				78C23D721ED34D62000CD40E /* TAPageControl.m in Sources */,
				78C23D761ED34D62000CD40E /* MKAnnotationView+WebCache.m in Sources */,
				78C23D691ED34D62000CD40E /* AFHTTPSessionManager.m in Sources */,
				78C23DC61ED34D71000CD40E /* MJRefreshConst.m in Sources */,
				78C23D0B1ED34B6D000CD40E /* LookForVC.m in Sources */,
				78C23DBF1ED34D71000CD40E /* MJRefreshBackGifFooter.m in Sources */,
				78C23DB71ED34D71000CD40E /* MJRefreshAutoFooter.m in Sources */,
				78C23D7E1ED34D62000CD40E /* SDWebImagePrefetcher.m in Sources */,
				78C23DB91ED34D71000CD40E /* MJRefreshComponent.m in Sources */,
				78C23DC11ED34D71000CD40E /* MJRefreshBackStateFooter.m in Sources */,
				78C23DBA1ED34D71000CD40E /* MJRefreshFooter.m in Sources */,
				78C23D6A1ED34D62000CD40E /* AFNetworkReachabilityManager.m in Sources */,
				78C23D7C1ED34D62000CD40E /* SDWebImageDownloaderOperation.m in Sources */,
				78C23D6D1ED34D62000CD40E /* AFURLResponseSerialization.m in Sources */,
				78C23DC31ED34D71000CD40E /* MJRefreshNormalHeader.m in Sources */,
				78C23DC81ED34D71000CD40E /* UIScrollView+MJExtension.m in Sources */,
				78C23DBE1ED34D71000CD40E /* MJRefreshAutoStateFooter.m in Sources */,
				78C23DBC1ED34D71000CD40E /* MJRefreshAutoGifFooter.m in Sources */,
				78C23DB81ED34D71000CD40E /* MJRefreshBackFooter.m in Sources */,
				78C23D7D1ED34D62000CD40E /* SDWebImageManager.m in Sources */,
				78C23DC71ED34D71000CD40E /* NSBundle+MJRefresh.m in Sources */,
				78C23D871ED34D62000CD40E /* SVProgressHUD.m in Sources */,
				78C23D821ED34D62000CD40E /* UIImage+WebP.m in Sources */,
				78C23D1D1ED34CA8000CD40E /* DHTool.m in Sources */,
				78C23DC41ED34D71000CD40E /* MJRefreshStateHeader.m in Sources */,
				78C23D781ED34D62000CD40E /* SDImageCache.m in Sources */,
				78C23DBB1ED34D71000CD40E /* MJRefreshHeader.m in Sources */,
			);
			runOnlyForDeploymentPostprocessing = 0;
		};
		78C23C571ED3450A000CD40E /* Sources */ = {
			isa = PBXSourcesBuildPhase;
			buildActionMask = 2147483647;
			files = (
				78C23C601ED3450A000CD40E /* __Tests.m in Sources */,
			);
			runOnlyForDeploymentPostprocessing = 0;
		};
		78C23C621ED3450A000CD40E /* Sources */ = {
			isa = PBXSourcesBuildPhase;
			buildActionMask = 2147483647;
			files = (
				78C23C6B1ED3450A000CD40E /* __UITests.m in Sources */,
			);
			runOnlyForDeploymentPostprocessing = 0;
		};
/* End PBXSourcesBuildPhase section */

/* Begin PBXTargetDependency section */
		78C23C5D1ED3450A000CD40E /* PBXTargetDependency */ = {
			isa = PBXTargetDependency;
			target = 78C23C411ED3450A000CD40E /* 立寻 */;
			targetProxy = 78C23C5C1ED3450A000CD40E /* PBXContainerItemProxy */;
		};
		78C23C681ED3450A000CD40E /* PBXTargetDependency */ = {
			isa = PBXTargetDependency;
			target = 78C23C411ED3450A000CD40E /* 立寻 */;
			targetProxy = 78C23C671ED3450A000CD40E /* PBXContainerItemProxy */;
		};
/* End PBXTargetDependency section */

/* Begin PBXVariantGroup section */
		78C23C531ED3450A000CD40E /* LaunchScreen.storyboard */ = {
			isa = PBXVariantGroup;
			children = (
				78C23C541ED3450A000CD40E /* Base */,
			);
			name = LaunchScreen.storyboard;
			sourceTree = "<group>";
		};
/* End PBXVariantGroup section */

/* Begin XCBuildConfiguration section */
		78C23C6D1ED3450A000CD40E /* Debug */ = {
			isa = XCBuildConfiguration;
			buildSettings = {
				ALWAYS_SEARCH_USER_PATHS = NO;
				CLANG_ANALYZER_NONNULL = YES;
				CLANG_CXX_LANGUAGE_STANDARD = "gnu++0x";
				CLANG_CXX_LIBRARY = "libc++";
				CLANG_ENABLE_MODULES = YES;
				CLANG_ENABLE_OBJC_ARC = YES;
				CLANG_WARN_BOOL_CONVERSION = YES;
				CLANG_WARN_CONSTANT_CONVERSION = YES;
				CLANG_WARN_DIRECT_OBJC_ISA_USAGE = YES_ERROR;
				CLANG_WARN_DOCUMENTATION_COMMENTS = YES;
				CLANG_WARN_EMPTY_BODY = YES;
				CLANG_WARN_ENUM_CONVERSION = YES;
				CLANG_WARN_INFINITE_RECURSION = YES;
				CLANG_WARN_INT_CONVERSION = YES;
				CLANG_WARN_OBJC_ROOT_CLASS = YES_ERROR;
				CLANG_WARN_SUSPICIOUS_MOVE = YES;
				CLANG_WARN_UNREACHABLE_CODE = YES;
				CLANG_WARN__DUPLICATE_METHOD_MATCH = YES;
				"CODE_SIGN_IDENTITY[sdk=iphoneos*]" = "iPhone Developer";
				COPY_PHASE_STRIP = NO;
				DEBUG_INFORMATION_FORMAT = dwarf;
				ENABLE_STRICT_OBJC_MSGSEND = YES;
				ENABLE_TESTABILITY = YES;
				GCC_C_LANGUAGE_STANDARD = gnu99;
				GCC_DYNAMIC_NO_PIC = NO;
				GCC_NO_COMMON_BLOCKS = YES;
				GCC_OPTIMIZATION_LEVEL = 0;
				GCC_PREPROCESSOR_DEFINITIONS = (
					"DEBUG=1",
					"$(inherited)",
				);
				GCC_WARN_64_TO_32_BIT_CONVERSION = YES;
				GCC_WARN_ABOUT_RETURN_TYPE = YES_ERROR;
				GCC_WARN_UNDECLARED_SELECTOR = YES;
				GCC_WARN_UNINITIALIZED_AUTOS = YES_AGGRESSIVE;
				GCC_WARN_UNUSED_FUNCTION = YES;
				GCC_WARN_UNUSED_VARIABLE = YES;
				IPHONEOS_DEPLOYMENT_TARGET = 10.2;
				MTL_ENABLE_DEBUG_INFO = YES;
				ONLY_ACTIVE_ARCH = YES;
				SDKROOT = iphoneos;
			};
			name = Debug;
		};
		78C23C6E1ED3450A000CD40E /* Release */ = {
			isa = XCBuildConfiguration;
			buildSettings = {
				ALWAYS_SEARCH_USER_PATHS = NO;
				CLANG_ANALYZER_NONNULL = YES;
				CLANG_CXX_LANGUAGE_STANDARD = "gnu++0x";
				CLANG_CXX_LIBRARY = "libc++";
				CLANG_ENABLE_MODULES = YES;
				CLANG_ENABLE_OBJC_ARC = YES;
				CLANG_WARN_BOOL_CONVERSION = YES;
				CLANG_WARN_CONSTANT_CONVERSION = YES;
				CLANG_WARN_DIRECT_OBJC_ISA_USAGE = YES_ERROR;
				CLANG_WARN_DOCUMENTATION_COMMENTS = YES;
				CLANG_WARN_EMPTY_BODY = YES;
				CLANG_WARN_ENUM_CONVERSION = YES;
				CLANG_WARN_INFINITE_RECURSION = YES;
				CLANG_WARN_INT_CONVERSION = YES;
				CLANG_WARN_OBJC_ROOT_CLASS = YES_ERROR;
				CLANG_WARN_SUSPICIOUS_MOVE = YES;
				CLANG_WARN_UNREACHABLE_CODE = YES;
				CLANG_WARN__DUPLICATE_METHOD_MATCH = YES;
				"CODE_SIGN_IDENTITY[sdk=iphoneos*]" = "iPhone Developer";
				COPY_PHASE_STRIP = NO;
				DEBUG_INFORMATION_FORMAT = "dwarf-with-dsym";
				ENABLE_NS_ASSERTIONS = NO;
				ENABLE_STRICT_OBJC_MSGSEND = YES;
				GCC_C_LANGUAGE_STANDARD = gnu99;
				GCC_NO_COMMON_BLOCKS = YES;
				GCC_WARN_64_TO_32_BIT_CONVERSION = YES;
				GCC_WARN_ABOUT_RETURN_TYPE = YES_ERROR;
				GCC_WARN_UNDECLARED_SELECTOR = YES;
				GCC_WARN_UNINITIALIZED_AUTOS = YES_AGGRESSIVE;
				GCC_WARN_UNUSED_FUNCTION = YES;
				GCC_WARN_UNUSED_VARIABLE = YES;
				IPHONEOS_DEPLOYMENT_TARGET = 10.2;
				MTL_ENABLE_DEBUG_INFO = NO;
				SDKROOT = iphoneos;
				VALIDATE_PRODUCT = YES;
			};
			name = Release;
		};
		78C23C701ED3450A000CD40E /* Debug */ = {
			isa = XCBuildConfiguration;
			buildSettings = {
				ASSETCATALOG_COMPILER_APPICON_NAME = AppIcon;
				DEVELOPMENT_TEAM = S6837EFG7L;
				GCC_PREFIX_HEADER = "/Users/mac_hao/Desktop/项目列表/宿迁/LookFor/立寻/MyFile/1.Classes/1.PrefixHeaders/1.PrefixHeader/PrefixHeader.pch";
				INFOPLIST_FILE = "立寻/Info.plist";
				IPHONEOS_DEPLOYMENT_TARGET = 8.1;
				LD_RUNPATH_SEARCH_PATHS = "$(inherited) @executable_path/Frameworks";
				PRODUCT_BUNDLE_IDENTIFIER = com.look.hao;
				PRODUCT_NAME = "$(TARGET_NAME)";
			};
			name = Debug;
		};
		78C23C711ED3450A000CD40E /* Release */ = {
			isa = XCBuildConfiguration;
			buildSettings = {
				ASSETCATALOG_COMPILER_APPICON_NAME = AppIcon;
				DEVELOPMENT_TEAM = S6837EFG7L;
				GCC_PREFIX_HEADER = "/Users/mac_hao/Desktop/项目列表/宿迁/LookFor/立寻/MyFile/1.Classes/1.PrefixHeaders/1.PrefixHeader/PrefixHeader.pch";
				INFOPLIST_FILE = "立寻/Info.plist";
				IPHONEOS_DEPLOYMENT_TARGET = 8.1;
				LD_RUNPATH_SEARCH_PATHS = "$(inherited) @executable_path/Frameworks";
				PRODUCT_BUNDLE_IDENTIFIER = com.look.hao;
				PRODUCT_NAME = "$(TARGET_NAME)";
			};
			name = Release;
		};
		78C23C731ED3450A000CD40E /* Debug */ = {
			isa = XCBuildConfiguration;
			buildSettings = {
				BUNDLE_LOADER = "$(TEST_HOST)";
				DEVELOPMENT_TEAM = S6837EFG7L;
				INFOPLIST_FILE = "立寻Tests/Info.plist";
				LD_RUNPATH_SEARCH_PATHS = "$(inherited) @executable_path/Frameworks @loader_path/Frameworks";
				PRODUCT_BUNDLE_IDENTIFIER = "com.hao.look.--Tests";
				PRODUCT_NAME = "$(TARGET_NAME)";
				TEST_HOST = "$(BUILT_PRODUCTS_DIR)/立寻.app/立寻";
			};
			name = Debug;
		};
		78C23C741ED3450A000CD40E /* Release */ = {
			isa = XCBuildConfiguration;
			buildSettings = {
				BUNDLE_LOADER = "$(TEST_HOST)";
				DEVELOPMENT_TEAM = S6837EFG7L;
				INFOPLIST_FILE = "立寻Tests/Info.plist";
				LD_RUNPATH_SEARCH_PATHS = "$(inherited) @executable_path/Frameworks @loader_path/Frameworks";
				PRODUCT_BUNDLE_IDENTIFIER = "com.hao.look.--Tests";
				PRODUCT_NAME = "$(TARGET_NAME)";
				TEST_HOST = "$(BUILT_PRODUCTS_DIR)/立寻.app/立寻";
			};
			name = Release;
		};
		78C23C761ED3450A000CD40E /* Debug */ = {
			isa = XCBuildConfiguration;
			buildSettings = {
				DEVELOPMENT_TEAM = S6837EFG7L;
				INFOPLIST_FILE = "立寻UITests/Info.plist";
				LD_RUNPATH_SEARCH_PATHS = "$(inherited) @executable_path/Frameworks @loader_path/Frameworks";
				PRODUCT_BUNDLE_IDENTIFIER = "com.hao.look.--UITests";
				PRODUCT_NAME = "$(TARGET_NAME)";
				TEST_TARGET_NAME = "立寻";
			};
			name = Debug;
		};
		78C23C771ED3450A000CD40E /* Release */ = {
			isa = XCBuildConfiguration;
			buildSettings = {
				DEVELOPMENT_TEAM = S6837EFG7L;
				INFOPLIST_FILE = "立寻UITests/Info.plist";
				LD_RUNPATH_SEARCH_PATHS = "$(inherited) @executable_path/Frameworks @loader_path/Frameworks";
				PRODUCT_BUNDLE_IDENTIFIER = "com.hao.look.--UITests";
				PRODUCT_NAME = "$(TARGET_NAME)";
				TEST_TARGET_NAME = "立寻";
			};
			name = Release;
		};
/* End XCBuildConfiguration section */

/* Begin XCConfigurationList section */
		78C23C3D1ED3450A000CD40E /* Build configuration list for PBXProject "立寻" */ = {
			isa = XCConfigurationList;
			buildConfigurations = (
				78C23C6D1ED3450A000CD40E /* Debug */,
				78C23C6E1ED3450A000CD40E /* Release */,
			);
			defaultConfigurationIsVisible = 0;
			defaultConfigurationName = Release;
		};
		78C23C6F1ED3450A000CD40E /* Build configuration list for PBXNativeTarget "立寻" */ = {
			isa = XCConfigurationList;
			buildConfigurations = (
				78C23C701ED3450A000CD40E /* Debug */,
				78C23C711ED3450A000CD40E /* Release */,
			);
			defaultConfigurationIsVisible = 0;
			defaultConfigurationName = Release;
		};
		78C23C721ED3450A000CD40E /* Build configuration list for PBXNativeTarget "立寻Tests" */ = {
			isa = XCConfigurationList;
			buildConfigurations = (
				78C23C731ED3450A000CD40E /* Debug */,
				78C23C741ED3450A000CD40E /* Release */,
			);
			defaultConfigurationIsVisible = 0;
			defaultConfigurationName = Release;
		};
		78C23C751ED3450A000CD40E /* Build configuration list for PBXNativeTarget "立寻UITests" */ = {
			isa = XCConfigurationList;
			buildConfigurations = (
				78C23C761ED3450A000CD40E /* Debug */,
				78C23C771ED3450A000CD40E /* Release */,
			);
			defaultConfigurationIsVisible = 0;
			defaultConfigurationName = Release;
		};
/* End XCConfigurationList section */
	};
	rootObject = 78C23C3A1ED3450A000CD40E /* Project object */;
}
